PODS:
  - Alamofire (5.5.0)
  - Floaty (4.2.0)
  - iOSDropDown (0.3.4)
  - Kingfisher (7.2.0)
  - MBRadioButton (1.4)
  - ReachabilitySwift (5.0.0)

DEPENDENCIES:
  - Alamofire (~> 5.5)
  - Floaty (~> 4.2.0)
  - iOSDropDown
  - Kingfisher (~> 7.0)
  - MBRadioButton
  - ReachabilitySwift

SPEC REPOS:
  trunk:
    - Alamofire
    - Floaty
    - iOSDropDown
    - Kingfisher
    - MBRadioButton
    - ReachabilitySwift

SPEC CHECKSUMS:
  Alamofire: 1c4fb5369c3fe93d2857c780d8bbe09f06f97e7c
  Floaty: e2bd5a0f6f7f70899e26ff2da31081c8bee8d1b0
  iOSDropDown: c10a761f9a00c3f1cc9d3bce43ae504628e2f692
  Kingfisher: 3ac0b75b155cabc0e544877d1a4deea29feece92
  MBRadioButton: dcf111c9bb633d4cf6e83200d804af6e025033c8
  ReachabilitySwift: 985039c6f7b23a1da463388634119492ff86c825

PODFILE CHECKSUM: 62b78f0dcc12ae6ce073755b6c911929eb2789b7

COCOAPODS: 1.11.2
