PODS:
  - Alamofire (5.5.0)
  - Cosmos (23.0.0)
  - Floaty (4.2.0)
  - Kingfisher (7.2.0)
  - MBRadioButton (1.4)
  - NVActivityIndicatorView (5.1.1):
    - NVActivityIndicatorView/Base (= 5.1.1)
  - NVActivityIndicatorView/Base (5.1.1)
  - ReachabilitySwift (5.0.0)
  - TextFieldEffects (1.6.0)

DEPENDENCIES:
  - Alamofire (~> 5.5)
  - Cosmos (~> 23.0)
  - Floaty (~> 4.2.0)
  - Kingfisher (~> 7.0)
  - MBRadioButton
  - NVActivityIndicatorView
  - ReachabilitySwift
  - TextFieldEffects

SPEC REPOS:
  trunk:
    - Alamofire
    - Cosmos
    - Floaty
    - Kingfisher
    - MBRadioButton
    - NVActivityIndicatorView
    - ReachabilitySwift
    - TextFieldEffects

SPEC CHECKSUMS:
  Alamofire: 1c4fb5369c3fe93d2857c780d8bbe09f06f97e7c
  Cosmos: b5c6a9a637e28a061b54c8f8b1d8529d7d4db73f
  Floaty: e2bd5a0f6f7f70899e26ff2da31081c8bee8d1b0
  Kingfisher: 3ac0b75b155cabc0e544877d1a4deea29feece92
  MBRadioButton: dcf111c9bb633d4cf6e83200d804af6e025033c8
  NVActivityIndicatorView: 1f6c5687f1171810aa27a3296814dc2d7dec3667
  ReachabilitySwift: 985039c6f7b23a1da463388634119492ff86c825
  TextFieldEffects: 529b8aff706fb40f82c41c780c0777941a893796

PODFILE CHECKSUM: ddd385faef4f7f97b17d4490bccfa919b3064376

COCOAPODS: 1.8.4
