PODS:
  - Alamofire (5.5.0)
  - Floaty (4.2.0)
  - Kingfisher (7.2.0)
  - ReachabilitySwift (5.0.0)
  - TextFieldEffects (1.6.0)

DEPENDENCIES:
  - Alamofire (~> 5.5)
  - Floaty (~> 4.2.0)
  - Kingfisher (~> 7.0)
  - ReachabilitySwift
  - TextFieldEffects

SPEC REPOS:
  trunk:
    - Alamofire
    - Floaty
    - Kingfisher
    - ReachabilitySwift
    - TextFieldEffects

SPEC CHECKSUMS:
  Alamofire: 1c4fb5369c3fe93d2857c780d8bbe09f06f97e7c
  Floaty: e2bd5a0f6f7f70899e26ff2da31081c8bee8d1b0
  Kingfisher: 3ac0b75b155cabc0e544877d1a4deea29feece92
  ReachabilitySwift: 985039c6f7b23a1da463388634119492ff86c825
  TextFieldEffects: 529b8aff706fb40f82c41c780c0777941a893796

PODFILE CHECKSUM: 5a9b17f27ff5903786affa2ca217425c83256685

COCOAPODS: 1.8.4
