// !$*UTF8*$!
{
	archiveVersion = 1;
	classes = {
	};
	objectVersion = 55;
	objects = {

/* Begin PBXBuildFile section */
		3934231C27E811D400F3E74B /* WishListModel+CoreDataClass.swift in Sources */ = {isa = PBXBuildFile; fileRef = 3934231B27E811D400F3E74B /* WishListModel+CoreDataClass.swift */; };
		39ECF18927E515550058A415 /* ProductViewModel.swift in Sources */ = {isa = PBXBuildFile; fileRef = 39ECF18827E515550058A415 /* ProductViewModel.swift */; };
		39ECF18B27E5156C0058A415 /* ProductList.storyboard in Resources */ = {isa = PBXBuildFile; fileRef = 39ECF18A27E5156C0058A415 /* ProductList.storyboard */; };
		39ECF18E27E515860058A415 /* ProductDetailsViewController.swift in Sources */ = {isa = PBXBuildFile; fileRef = 39ECF18C27E515860058A415 /* ProductDetailsViewController.swift */; };
		39ECF18F27E515860058A415 /* ProductListViewController.swift in Sources */ = {isa = PBXBuildFile; fileRef = 39ECF18D27E515860058A415 /* ProductListViewController.swift */; };
		39ECF19E27E51B500058A415 /* ProductListCell.xib in Resources */ = {isa = PBXBuildFile; fileRef = 39ECF19C27E51B500058A415 /* ProductListCell.xib */; };
		39ECF19F27E51B500058A415 /* ProductListCell.swift in Sources */ = {isa = PBXBuildFile; fileRef = 39ECF19D27E51B500058A415 /* ProductListCell.swift */; };
		39ECF1A227E51B780058A415 /* ProductDetailsImageCollectionCell.xib in Resources */ = {isa = PBXBuildFile; fileRef = 39ECF1A027E51B780058A415 /* ProductDetailsImageCollectionCell.xib */; };
		39ECF1A327E51B780058A415 /* ProductDetailsImageCollectionCell.swift in Sources */ = {isa = PBXBuildFile; fileRef = 39ECF1A127E51B780058A415 /* ProductDetailsImageCollectionCell.swift */; };
		5C03606727E56946008067C6 /* Wishlist.storyboard in Resources */ = {isa = PBXBuildFile; fileRef = 5C03606627E56946008067C6 /* Wishlist.storyboard */; };
		5C03606A27E569A4008067C6 /* WishlistVC.swift in Sources */ = {isa = PBXBuildFile; fileRef = 5C03606927E569A4008067C6 /* WishlistVC.swift */; };
		5C03606C27E569C4008067C6 /* WishlistVC+TVC.swift in Sources */ = {isa = PBXBuildFile; fileRef = 5C03606B27E569C4008067C6 /* WishlistVC+TVC.swift */; };
		5C03607027E56A83008067C6 /* WishlistTVCell.swift in Sources */ = {isa = PBXBuildFile; fileRef = 5C03606E27E56A83008067C6 /* WishlistTVCell.swift */; };
		5C03607127E56A83008067C6 /* WishlistTVCell.xib in Resources */ = {isa = PBXBuildFile; fileRef = 5C03606F27E56A83008067C6 /* WishlistTVCell.xib */; };
		5C09DF2E27DFAEA600034B74 /* OrdersTVC.swift in Sources */ = {isa = PBXBuildFile; fileRef = 5C09DF2C27DFAEA600034B74 /* OrdersTVC.swift */; };
		5C09DF2F27DFAEA600034B74 /* OrdersTVC.xib in Resources */ = {isa = PBXBuildFile; fileRef = 5C09DF2D27DFAEA600034B74 /* OrdersTVC.xib */; };
		5C09DF3327DFAEBC00034B74 /* OrdersVC.swift in Sources */ = {isa = PBXBuildFile; fileRef = 5C09DF3127DFAEBC00034B74 /* OrdersVC.swift */; };
		5C09DF3427DFAEBC00034B74 /* OrdersVC+TVC.swift in Sources */ = {isa = PBXBuildFile; fileRef = 5C09DF3227DFAEBC00034B74 /* OrdersVC+TVC.swift */; };
		5C09DF3627DFAECE00034B74 /* orders.storyboard in Resources */ = {isa = PBXBuildFile; fileRef = 5C09DF3527DFAECE00034B74 /* orders.storyboard */; };
		5C5B8A1727DF9C940051462D /* AppDelegate.swift in Sources */ = {isa = PBXBuildFile; fileRef = 5C5B8A1627DF9C940051462D /* AppDelegate.swift */; };
		5C5B8A1927DF9C940051462D /* SceneDelegate.swift in Sources */ = {isa = PBXBuildFile; fileRef = 5C5B8A1827DF9C940051462D /* SceneDelegate.swift */; };
		5C5B8A1E27DF9C940051462D /* Main.storyboard in Resources */ = {isa = PBXBuildFile; fileRef = 5C5B8A1C27DF9C940051462D /* Main.storyboard */; };
		5C5B8A2127DF9C940051462D /* Shopify.xcdatamodeld in Sources */ = {isa = PBXBuildFile; fileRef = 5C5B8A1F27DF9C940051462D /* Shopify.xcdatamodeld */; };
		5C5B8A2327DF9C960051462D /* Assets.xcassets in Resources */ = {isa = PBXBuildFile; fileRef = 5C5B8A2227DF9C960051462D /* Assets.xcassets */; };
		5C5B8A2627DF9C960051462D /* LaunchScreen.storyboard in Resources */ = {isa = PBXBuildFile; fileRef = 5C5B8A2427DF9C960051462D /* LaunchScreen.storyboard */; };
		5C5B8A3127DF9C960051462D /* ShopifyTests.swift in Sources */ = {isa = PBXBuildFile; fileRef = 5C5B8A3027DF9C960051462D /* ShopifyTests.swift */; };
		5C5B8A3B27DF9C960051462D /* ShopifyUITests.swift in Sources */ = {isa = PBXBuildFile; fileRef = 5C5B8A3A27DF9C960051462D /* ShopifyUITests.swift */; };
		5C5B8A3D27DF9C960051462D /* ShopifyUITestsLaunchTests.swift in Sources */ = {isa = PBXBuildFile; fileRef = 5C5B8A3C27DF9C960051462D /* ShopifyUITestsLaunchTests.swift */; };
		5C5B8A5227DF9D250051462D /* URLs.swift in Sources */ = {isa = PBXBuildFile; fileRef = 5C5B8A5127DF9D250051462D /* URLs.swift */; };
		5C837E2627E278F8009970B5 /* AddressVC.swift in Sources */ = {isa = PBXBuildFile; fileRef = 5C837E2527E278F8009970B5 /* AddressVC.swift */; };
		5C837E2A27E27973009970B5 /* AddressTVCell.swift in Sources */ = {isa = PBXBuildFile; fileRef = 5C837E2827E27973009970B5 /* AddressTVCell.swift */; };
		5C837E2B27E27973009970B5 /* AddressTVCell.xib in Resources */ = {isa = PBXBuildFile; fileRef = 5C837E2927E27973009970B5 /* AddressTVCell.xib */; };
		5C837E2D27E27DEE009970B5 /* AddressVC+TVC.swift in Sources */ = {isa = PBXBuildFile; fileRef = 5C837E2C27E27DEE009970B5 /* AddressVC+TVC.swift */; };
		5C837E2F27E28D09009970B5 /* FloatinLabelInput.swift in Sources */ = {isa = PBXBuildFile; fileRef = 5C837E2E27E28D09009970B5 /* FloatinLabelInput.swift */; };
		5C837E3127E290ED009970B5 /* CreateAddressVC.swift in Sources */ = {isa = PBXBuildFile; fileRef = 5C837E3027E290ED009970B5 /* CreateAddressVC.swift */; };
		5CD2617610E68B0B4C3E4B20 /* Pods_Shopify.framework in Frameworks */ = {isa = PBXBuildFile; fileRef = 77084D1361E1BD5333BFB951 /* Pods_Shopify.framework */; };
		5CF799D627E278460022A799 /* Address.storyboard in Resources */ = {isa = PBXBuildFile; fileRef = 5CF799D527E278460022A799 /* Address.storyboard */; };
		853D5A4A27DFAF0B00D287A4 /* Categories.storyboard in Resources */ = {isa = PBXBuildFile; fileRef = 853D5A4927DFAF0B00D287A4 /* Categories.storyboard */; };
		853D5A4C27DFAF1600D287A4 /* CategoriesVC.swift in Sources */ = {isa = PBXBuildFile; fileRef = 853D5A4B27DFAF1600D287A4 /* CategoriesVC.swift */; };
		853D5A5027DFAF5700D287A4 /* ProductInCategoryCVC.swift in Sources */ = {isa = PBXBuildFile; fileRef = 853D5A4F27DFAF5700D287A4 /* ProductInCategoryCVC.swift */; };
		853D5A5227DFAF5D00D287A4 /* ProductInCategoryCVC.xib in Resources */ = {isa = PBXBuildFile; fileRef = 853D5A5127DFAF5D00D287A4 /* ProductInCategoryCVC.xib */; };
		853D5A5B27DFC46E00D287A4 /* Products.swift in Sources */ = {isa = PBXBuildFile; fileRef = 853D5A5527DFC46E00D287A4 /* Products.swift */; };
		853D5A5C27DFC46E00D287A4 /* ProductImage.swift in Sources */ = {isa = PBXBuildFile; fileRef = 853D5A5627DFC46E00D287A4 /* ProductImage.swift */; };
		853D5A5D27DFC46E00D287A4 /* Product.swift in Sources */ = {isa = PBXBuildFile; fileRef = 853D5A5727DFC46E00D287A4 /* Product.swift */; };
		853D5A5E27DFC46E00D287A4 /* Variants.swift in Sources */ = {isa = PBXBuildFile; fileRef = 853D5A5827DFC46E00D287A4 /* Variants.swift */; };
		853D5A5F27DFC46E00D287A4 /* Images.swift in Sources */ = {isa = PBXBuildFile; fileRef = 853D5A5927DFC46E00D287A4 /* Images.swift */; };
		8544C17A27E242E0000072D5 /* GuestProfileViewController.swift in Sources */ = {isa = PBXBuildFile; fileRef = 8544C17927E242E0000072D5 /* GuestProfileViewController.swift */; };
		8544C17C27E247D4000072D5 /* AboutUsViewController.swift in Sources */ = {isa = PBXBuildFile; fileRef = 8544C17B27E247D4000072D5 /* AboutUsViewController.swift */; };
		8559525327E6A8C600F4130C /* WishListModel+CoreDataClass.swift in Sources */ = {isa = PBXBuildFile; fileRef = 8559525227E6A8C600F4130C /* WishListModel+CoreDataClass.swift */; };
		8559525527E6A9BC00F4130C /* OrderViewModel.swift in Sources */ = {isa = PBXBuildFile; fileRef = 8559525427E6A9BC00F4130C /* OrderViewModel.swift */; };
		85B87A8F27E517BD004A2620 /* MyOrdersTableViewController.swift in Sources */ = {isa = PBXBuildFile; fileRef = 85B87A8E27E517BD004A2620 /* MyOrdersTableViewController.swift */; };
		85B87A9227E517E3004A2620 /* MyOrderTableViewCell.swift in Sources */ = {isa = PBXBuildFile; fileRef = 85B87A9127E517E3004A2620 /* MyOrderTableViewCell.swift */; };
		85B87A9427E517EA004A2620 /* MyOrderTableViewCell.xib in Resources */ = {isa = PBXBuildFile; fileRef = 85B87A9327E517E9004A2620 /* MyOrderTableViewCell.xib */; };
		85B87A9627E517F1004A2620 /* MyOrderItemCollectionViewCell.swift in Sources */ = {isa = PBXBuildFile; fileRef = 85B87A9527E517F1004A2620 /* MyOrderItemCollectionViewCell.swift */; };
		85B87A9827E517F7004A2620 /* MyOrderItemCollectionViewCell.xib in Resources */ = {isa = PBXBuildFile; fileRef = 85B87A9727E517F7004A2620 /* MyOrderItemCollectionViewCell.xib */; };
		85B87A9A27E529AA004A2620 /* MainTabBarViewController.swift in Sources */ = {isa = PBXBuildFile; fileRef = 85B87A9927E529AA004A2620 /* MainTabBarViewController.swift */; };
		85CD8EC327E3A86100009FFC /* order.swift in Sources */ = {isa = PBXBuildFile; fileRef = 85CD8EC227E3A86100009FFC /* order.swift */; };
		85DE38AB27E0D59000601A7E /* CategoriesViewModel.swift in Sources */ = {isa = PBXBuildFile; fileRef = 85DE38AA27E0D59000601A7E /* CategoriesViewModel.swift */; };
		85DE38B027E0E74700601A7E /* Custom_collections.swift in Sources */ = {isa = PBXBuildFile; fileRef = 85DE38AF27E0E74700601A7E /* Custom_collections.swift */; };
		85DE38B227E17BE500601A7E /* Profile.storyboard in Resources */ = {isa = PBXBuildFile; fileRef = 85DE38B127E17BE500601A7E /* Profile.storyboard */; };
		85DE38B427E17E6C00601A7E /* MyProfileViewController.swift in Sources */ = {isa = PBXBuildFile; fileRef = 85DE38B327E17E6C00601A7E /* MyProfileViewController.swift */; };
		CD13BD3C27E80F0B00D6A7A5 /* HomeViewModel.swift in Sources */ = {isa = PBXBuildFile; fileRef = CD13BD3B27E80F0B00D6A7A5 /* HomeViewModel.swift */; };
		CD2E8CEF27DFAB210046C06D /* Networking.swift in Sources */ = {isa = PBXBuildFile; fileRef = CD2E8CEE27DFAB210046C06D /* Networking.swift */; };
		CD2E8CF327DFABBF0046C06D /* HomeViewController.swift in Sources */ = {isa = PBXBuildFile; fileRef = CD2E8CF227DFABBF0046C06D /* HomeViewController.swift */; };
		CD2E8CF527DFABDD0046C06D /* Home.storyboard in Resources */ = {isa = PBXBuildFile; fileRef = CD2E8CF427DFABDD0046C06D /* Home.storyboard */; };
		CD2E8D0327DFABF80046C06D /* HomeCollectionViewCell.swift in Sources */ = {isa = PBXBuildFile; fileRef = CD2E8CF827DFABF80046C06D /* HomeCollectionViewCell.swift */; };
		CD2E8D0427DFABF80046C06D /* HomeCollectionViewCell.xib in Resources */ = {isa = PBXBuildFile; fileRef = CD2E8CF927DFABF80046C06D /* HomeCollectionViewCell.xib */; };
		CD2E8D0527DFABF80046C06D /* BrandsTableViewCell.swift in Sources */ = {isa = PBXBuildFile; fileRef = CD2E8CFB27DFABF80046C06D /* BrandsTableViewCell.swift */; };
		CD2E8D0627DFABF80046C06D /* BrandsTableViewCell.xib in Resources */ = {isa = PBXBuildFile; fileRef = CD2E8CFC27DFABF80046C06D /* BrandsTableViewCell.xib */; };
		CD2E8D0727DFABF80046C06D /* HomeTableViewCell.swift in Sources */ = {isa = PBXBuildFile; fileRef = CD2E8CFE27DFABF80046C06D /* HomeTableViewCell.swift */; };
		CD2E8D0827DFABF80046C06D /* HomeTableViewCell.xib in Resources */ = {isa = PBXBuildFile; fileRef = CD2E8CFF27DFABF80046C06D /* HomeTableViewCell.xib */; };
		CD2E8D0927DFABF80046C06D /* BrandsCollectionViewCell.swift in Sources */ = {isa = PBXBuildFile; fileRef = CD2E8D0127DFABF80046C06D /* BrandsCollectionViewCell.swift */; };
		CD2E8D0A27DFABF80046C06D /* BrandsCollectionViewCell.xib in Resources */ = {isa = PBXBuildFile; fileRef = CD2E8D0227DFABF80046C06D /* BrandsCollectionViewCell.xib */; };
		CD3E36AE27E15C7D007DFC5E /* Customer.swift in Sources */ = {isa = PBXBuildFile; fileRef = CD3E36AD27E15C7D007DFC5E /* Customer.swift */; };
		CD4506AE27E5116B001F864F /* Helper.swift in Sources */ = {isa = PBXBuildFile; fileRef = CD4506AD27E5116B001F864F /* Helper.swift */; };
		CD5A061B27E0E09B000CA494 /* Image.swift in Sources */ = {isa = PBXBuildFile; fileRef = CD5A061727E0E09A000CA494 /* Image.swift */; };
		CD5A061C27E0E09B000CA494 /* Smart_collections.swift in Sources */ = {isa = PBXBuildFile; fileRef = CD5A061827E0E09B000CA494 /* Smart_collections.swift */; };
		CD5A061D27E0E09B000CA494 /* BrandsModel.swift in Sources */ = {isa = PBXBuildFile; fileRef = CD5A061927E0E09B000CA494 /* BrandsModel.swift */; };
		CD5A061E27E0E09B000CA494 /* Rules.swift in Sources */ = {isa = PBXBuildFile; fileRef = CD5A061A27E0E09B000CA494 /* Rules.swift */; };
		CD5A062027E0E0F8000CA494 /* Login.storyboard in Resources */ = {isa = PBXBuildFile; fileRef = CD5A061F27E0E0F8000CA494 /* Login.storyboard */; };
		CD5A062227E0E112000CA494 /* LoginViewController.swift in Sources */ = {isa = PBXBuildFile; fileRef = CD5A062127E0E112000CA494 /* LoginViewController.swift */; };
		CD5A062427E11491000CA494 /* Register.storyboard in Resources */ = {isa = PBXBuildFile; fileRef = CD5A062327E11491000CA494 /* Register.storyboard */; };
		CD5A062627E114A5000CA494 /* RegisterViewController.swift in Sources */ = {isa = PBXBuildFile; fileRef = CD5A062527E114A5000CA494 /* RegisterViewController.swift */; };
		CD78662A27E8F9E0009A8B4C /* NetworkingTests.swift in Sources */ = {isa = PBXBuildFile; fileRef = CD78662927E8F9E0009A8B4C /* NetworkingTests.swift */; };
		CD78662C27E909E9009A8B4C /* RegisterTests.swift in Sources */ = {isa = PBXBuildFile; fileRef = CD78662B27E909E9009A8B4C /* RegisterTests.swift */; };
		CD78662E27E90B3F009A8B4C /* CoreDataTests.swift in Sources */ = {isa = PBXBuildFile; fileRef = CD78662D27E90B3F009A8B4C /* CoreDataTests.swift */; };
		CD84C05827E236710033D898 /* Encodable + extension.swift in Sources */ = {isa = PBXBuildFile; fileRef = CD84C05727E236710033D898 /* Encodable + extension.swift */; };
		CD84C05A27E239060033D898 /* RegisterViewModel.swift in Sources */ = {isa = PBXBuildFile; fileRef = CD84C05927E239060033D898 /* RegisterViewModel.swift */; };
		CD84C05C27E24C190033D898 /* ViewController + Extension.swift in Sources */ = {isa = PBXBuildFile; fileRef = CD84C05B27E24C190033D898 /* ViewController + Extension.swift */; };
		CDCE7C0D27E67D7B00DB24AC /* CoreDataServices.swift in Sources */ = {isa = PBXBuildFile; fileRef = CDCE7C0C27E67D7B00DB24AC /* CoreDataServices.swift */; };
		CDCE7C0F27E6807500DB24AC /* WishListModel+CoreDataProperties.swift in Sources */ = {isa = PBXBuildFile; fileRef = CDCE7C0E27E6807500DB24AC /* WishListModel+CoreDataProperties.swift */; };
		CDCE7C1527E6859700DB24AC /* OrderItemModel+CoreDataProperties.swift in Sources */ = {isa = PBXBuildFile; fileRef = CDCE7C1327E6859700DB24AC /* OrderItemModel+CoreDataProperties.swift */; };
		CDCE7C1627E6859700DB24AC /* OrderItemModel+CoreDataClass.swift in Sources */ = {isa = PBXBuildFile; fileRef = CDCE7C1427E6859700DB24AC /* OrderItemModel+CoreDataClass.swift */; };
		CDCE7C1827E68BCE00DB24AC /* ProductDetailsViewModel.swift in Sources */ = {isa = PBXBuildFile; fileRef = CDCE7C1727E68BCE00DB24AC /* ProductDetailsViewModel.swift */; };
		CDCE7C1A27E6941100DB24AC /* WishListViewModel.swift in Sources */ = {isa = PBXBuildFile; fileRef = CDCE7C1927E6941100DB24AC /* WishListViewModel.swift */; };
		CDE8FED027E26CD10038DDB7 /* LoginViewModel.swift in Sources */ = {isa = PBXBuildFile; fileRef = CDE8FECF27E26CD10038DDB7 /* LoginViewModel.swift */; };
/* End PBXBuildFile section */

/* Begin PBXContainerItemProxy section */
		5C5B8A2D27DF9C960051462D /* PBXContainerItemProxy */ = {
			isa = PBXContainerItemProxy;
			containerPortal = 5C5B8A0B27DF9C940051462D /* Project object */;
			proxyType = 1;
			remoteGlobalIDString = 5C5B8A1227DF9C940051462D;
			remoteInfo = Shopify;
		};
		5C5B8A3727DF9C960051462D /* PBXContainerItemProxy */ = {
			isa = PBXContainerItemProxy;
			containerPortal = 5C5B8A0B27DF9C940051462D /* Project object */;
			proxyType = 1;
			remoteGlobalIDString = 5C5B8A1227DF9C940051462D;
			remoteInfo = Shopify;
		};
/* End PBXContainerItemProxy section */

/* Begin PBXFileReference section */
		3934231B27E811D400F3E74B /* WishListModel+CoreDataClass.swift */ = {isa = PBXFileReference; fileEncoding = 4; lastKnownFileType = sourcecode.swift; path = "WishListModel+CoreDataClass.swift"; sourceTree = "<group>"; };
		39ECF18827E515550058A415 /* ProductViewModel.swift */ = {isa = PBXFileReference; fileEncoding = 4; lastKnownFileType = sourcecode.swift; path = ProductViewModel.swift; sourceTree = "<group>"; };
		39ECF18A27E5156C0058A415 /* ProductList.storyboard */ = {isa = PBXFileReference; fileEncoding = 4; lastKnownFileType = file.storyboard; path = ProductList.storyboard; sourceTree = "<group>"; };
		39ECF18C27E515860058A415 /* ProductDetailsViewController.swift */ = {isa = PBXFileReference; fileEncoding = 4; lastKnownFileType = sourcecode.swift; path = ProductDetailsViewController.swift; sourceTree = "<group>"; };
		39ECF18D27E515860058A415 /* ProductListViewController.swift */ = {isa = PBXFileReference; fileEncoding = 4; lastKnownFileType = sourcecode.swift; path = ProductListViewController.swift; sourceTree = "<group>"; };
		39ECF19C27E51B500058A415 /* ProductListCell.xib */ = {isa = PBXFileReference; fileEncoding = 4; lastKnownFileType = file.xib; path = ProductListCell.xib; sourceTree = "<group>"; };
		39ECF19D27E51B500058A415 /* ProductListCell.swift */ = {isa = PBXFileReference; fileEncoding = 4; lastKnownFileType = sourcecode.swift; path = ProductListCell.swift; sourceTree = "<group>"; };
		39ECF1A027E51B780058A415 /* ProductDetailsImageCollectionCell.xib */ = {isa = PBXFileReference; fileEncoding = 4; lastKnownFileType = file.xib; path = ProductDetailsImageCollectionCell.xib; sourceTree = "<group>"; };
		39ECF1A127E51B780058A415 /* ProductDetailsImageCollectionCell.swift */ = {isa = PBXFileReference; fileEncoding = 4; lastKnownFileType = sourcecode.swift; path = ProductDetailsImageCollectionCell.swift; sourceTree = "<group>"; };
		5C03606627E56946008067C6 /* Wishlist.storyboard */ = {isa = PBXFileReference; lastKnownFileType = file.storyboard; path = Wishlist.storyboard; sourceTree = "<group>"; };
		5C03606927E569A4008067C6 /* WishlistVC.swift */ = {isa = PBXFileReference; lastKnownFileType = sourcecode.swift; path = WishlistVC.swift; sourceTree = "<group>"; };
		5C03606B27E569C4008067C6 /* WishlistVC+TVC.swift */ = {isa = PBXFileReference; lastKnownFileType = sourcecode.swift; path = "WishlistVC+TVC.swift"; sourceTree = "<group>"; };
		5C03606E27E56A83008067C6 /* WishlistTVCell.swift */ = {isa = PBXFileReference; lastKnownFileType = sourcecode.swift; path = WishlistTVCell.swift; sourceTree = "<group>"; };
		5C03606F27E56A83008067C6 /* WishlistTVCell.xib */ = {isa = PBXFileReference; lastKnownFileType = file.xib; path = WishlistTVCell.xib; sourceTree = "<group>"; };
		5C09DF2C27DFAEA600034B74 /* OrdersTVC.swift */ = {isa = PBXFileReference; fileEncoding = 4; lastKnownFileType = sourcecode.swift; path = OrdersTVC.swift; sourceTree = "<group>"; };
		5C09DF2D27DFAEA600034B74 /* OrdersTVC.xib */ = {isa = PBXFileReference; fileEncoding = 4; lastKnownFileType = file.xib; path = OrdersTVC.xib; sourceTree = "<group>"; };
		5C09DF3127DFAEBC00034B74 /* OrdersVC.swift */ = {isa = PBXFileReference; fileEncoding = 4; lastKnownFileType = sourcecode.swift; path = OrdersVC.swift; sourceTree = "<group>"; };
		5C09DF3227DFAEBC00034B74 /* OrdersVC+TVC.swift */ = {isa = PBXFileReference; fileEncoding = 4; lastKnownFileType = sourcecode.swift; path = "OrdersVC+TVC.swift"; sourceTree = "<group>"; };
		5C09DF3527DFAECE00034B74 /* orders.storyboard */ = {isa = PBXFileReference; fileEncoding = 4; lastKnownFileType = file.storyboard; path = orders.storyboard; sourceTree = "<group>"; };
		5C5B8A1327DF9C940051462D /* Shopify.app */ = {isa = PBXFileReference; explicitFileType = wrapper.application; includeInIndex = 0; path = Shopify.app; sourceTree = BUILT_PRODUCTS_DIR; };
		5C5B8A1627DF9C940051462D /* AppDelegate.swift */ = {isa = PBXFileReference; lastKnownFileType = sourcecode.swift; path = AppDelegate.swift; sourceTree = "<group>"; };
		5C5B8A1827DF9C940051462D /* SceneDelegate.swift */ = {isa = PBXFileReference; lastKnownFileType = sourcecode.swift; path = SceneDelegate.swift; sourceTree = "<group>"; };
		5C5B8A1D27DF9C940051462D /* Base */ = {isa = PBXFileReference; lastKnownFileType = file.storyboard; name = Base; path = Base.lproj/Main.storyboard; sourceTree = "<group>"; };
		5C5B8A2027DF9C940051462D /* Shopify.xcdatamodel */ = {isa = PBXFileReference; lastKnownFileType = wrapper.xcdatamodel; path = Shopify.xcdatamodel; sourceTree = "<group>"; };
		5C5B8A2227DF9C960051462D /* Assets.xcassets */ = {isa = PBXFileReference; lastKnownFileType = folder.assetcatalog; path = Assets.xcassets; sourceTree = "<group>"; };
		5C5B8A2527DF9C960051462D /* Base */ = {isa = PBXFileReference; lastKnownFileType = file.storyboard; name = Base; path = Base.lproj/LaunchScreen.storyboard; sourceTree = "<group>"; };
		5C5B8A2727DF9C960051462D /* Info.plist */ = {isa = PBXFileReference; lastKnownFileType = text.plist.xml; path = Info.plist; sourceTree = "<group>"; };
		5C5B8A2C27DF9C960051462D /* ShopifyTests.xctest */ = {isa = PBXFileReference; explicitFileType = wrapper.cfbundle; includeInIndex = 0; path = ShopifyTests.xctest; sourceTree = BUILT_PRODUCTS_DIR; };
		5C5B8A3027DF9C960051462D /* ShopifyTests.swift */ = {isa = PBXFileReference; lastKnownFileType = sourcecode.swift; path = ShopifyTests.swift; sourceTree = "<group>"; };
		5C5B8A3627DF9C960051462D /* ShopifyUITests.xctest */ = {isa = PBXFileReference; explicitFileType = wrapper.cfbundle; includeInIndex = 0; path = ShopifyUITests.xctest; sourceTree = BUILT_PRODUCTS_DIR; };
		5C5B8A3A27DF9C960051462D /* ShopifyUITests.swift */ = {isa = PBXFileReference; lastKnownFileType = sourcecode.swift; path = ShopifyUITests.swift; sourceTree = "<group>"; };
		5C5B8A3C27DF9C960051462D /* ShopifyUITestsLaunchTests.swift */ = {isa = PBXFileReference; lastKnownFileType = sourcecode.swift; path = ShopifyUITestsLaunchTests.swift; sourceTree = "<group>"; };
		5C5B8A5127DF9D250051462D /* URLs.swift */ = {isa = PBXFileReference; lastKnownFileType = sourcecode.swift; path = URLs.swift; sourceTree = "<group>"; };
		5C837E2527E278F8009970B5 /* AddressVC.swift */ = {isa = PBXFileReference; lastKnownFileType = sourcecode.swift; path = AddressVC.swift; sourceTree = "<group>"; };
		5C837E2827E27973009970B5 /* AddressTVCell.swift */ = {isa = PBXFileReference; lastKnownFileType = sourcecode.swift; path = AddressTVCell.swift; sourceTree = "<group>"; };
		5C837E2927E27973009970B5 /* AddressTVCell.xib */ = {isa = PBXFileReference; lastKnownFileType = file.xib; path = AddressTVCell.xib; sourceTree = "<group>"; };
		5C837E2C27E27DEE009970B5 /* AddressVC+TVC.swift */ = {isa = PBXFileReference; lastKnownFileType = sourcecode.swift; path = "AddressVC+TVC.swift"; sourceTree = "<group>"; };
		5C837E2E27E28D09009970B5 /* FloatinLabelInput.swift */ = {isa = PBXFileReference; lastKnownFileType = sourcecode.swift; path = FloatinLabelInput.swift; sourceTree = "<group>"; };
		5C837E3027E290ED009970B5 /* CreateAddressVC.swift */ = {isa = PBXFileReference; lastKnownFileType = sourcecode.swift; path = CreateAddressVC.swift; sourceTree = "<group>"; };
		5CF799D527E278460022A799 /* Address.storyboard */ = {isa = PBXFileReference; fileEncoding = 4; lastKnownFileType = file.storyboard; path = Address.storyboard; sourceTree = "<group>"; };
		6BA80F02FEE55B4435A8330C /* Pods-Shopify.debug.xcconfig */ = {isa = PBXFileReference; includeInIndex = 1; lastKnownFileType = text.xcconfig; name = "Pods-Shopify.debug.xcconfig"; path = "Target Support Files/Pods-Shopify/Pods-Shopify.debug.xcconfig"; sourceTree = "<group>"; };
		77084D1361E1BD5333BFB951 /* Pods_Shopify.framework */ = {isa = PBXFileReference; explicitFileType = wrapper.framework; includeInIndex = 0; path = Pods_Shopify.framework; sourceTree = BUILT_PRODUCTS_DIR; };
		7F7A21BFF49091D35DA5B279 /* Pods-Shopify.release.xcconfig */ = {isa = PBXFileReference; includeInIndex = 1; lastKnownFileType = text.xcconfig; name = "Pods-Shopify.release.xcconfig"; path = "Target Support Files/Pods-Shopify/Pods-Shopify.release.xcconfig"; sourceTree = "<group>"; };
		853D5A4927DFAF0B00D287A4 /* Categories.storyboard */ = {isa = PBXFileReference; fileEncoding = 4; lastKnownFileType = file.storyboard; path = Categories.storyboard; sourceTree = "<group>"; };
		853D5A4B27DFAF1600D287A4 /* CategoriesVC.swift */ = {isa = PBXFileReference; fileEncoding = 4; lastKnownFileType = sourcecode.swift; path = CategoriesVC.swift; sourceTree = "<group>"; };
		853D5A4F27DFAF5700D287A4 /* ProductInCategoryCVC.swift */ = {isa = PBXFileReference; fileEncoding = 4; lastKnownFileType = sourcecode.swift; path = ProductInCategoryCVC.swift; sourceTree = "<group>"; };
		853D5A5127DFAF5D00D287A4 /* ProductInCategoryCVC.xib */ = {isa = PBXFileReference; fileEncoding = 4; lastKnownFileType = file.xib; path = ProductInCategoryCVC.xib; sourceTree = "<group>"; };
		853D5A5527DFC46E00D287A4 /* Products.swift */ = {isa = PBXFileReference; fileEncoding = 4; lastKnownFileType = sourcecode.swift; path = Products.swift; sourceTree = "<group>"; };
		853D5A5627DFC46E00D287A4 /* ProductImage.swift */ = {isa = PBXFileReference; fileEncoding = 4; lastKnownFileType = sourcecode.swift; path = ProductImage.swift; sourceTree = "<group>"; };
		853D5A5727DFC46E00D287A4 /* Product.swift */ = {isa = PBXFileReference; fileEncoding = 4; lastKnownFileType = sourcecode.swift; path = Product.swift; sourceTree = "<group>"; };
		853D5A5827DFC46E00D287A4 /* Variants.swift */ = {isa = PBXFileReference; fileEncoding = 4; lastKnownFileType = sourcecode.swift; path = Variants.swift; sourceTree = "<group>"; };
		853D5A5927DFC46E00D287A4 /* Images.swift */ = {isa = PBXFileReference; fileEncoding = 4; lastKnownFileType = sourcecode.swift; path = Images.swift; sourceTree = "<group>"; };
		8544C17927E242E0000072D5 /* GuestProfileViewController.swift */ = {isa = PBXFileReference; lastKnownFileType = sourcecode.swift; path = GuestProfileViewController.swift; sourceTree = "<group>"; };
		8544C17B27E247D4000072D5 /* AboutUsViewController.swift */ = {isa = PBXFileReference; lastKnownFileType = sourcecode.swift; path = AboutUsViewController.swift; sourceTree = "<group>"; };
		8559525227E6A8C600F4130C /* WishListModel+CoreDataClass.swift */ = {isa = PBXFileReference; fileEncoding = 4; lastKnownFileType = sourcecode.swift; path = "WishListModel+CoreDataClass.swift"; sourceTree = "<group>"; };
		8559525427E6A9BC00F4130C /* OrderViewModel.swift */ = {isa = PBXFileReference; lastKnownFileType = sourcecode.swift; path = OrderViewModel.swift; sourceTree = "<group>"; };
		85B87A8E27E517BD004A2620 /* MyOrdersTableViewController.swift */ = {isa = PBXFileReference; fileEncoding = 4; lastKnownFileType = sourcecode.swift; path = MyOrdersTableViewController.swift; sourceTree = "<group>"; };
		85B87A9127E517E3004A2620 /* MyOrderTableViewCell.swift */ = {isa = PBXFileReference; fileEncoding = 4; lastKnownFileType = sourcecode.swift; path = MyOrderTableViewCell.swift; sourceTree = "<group>"; };
		85B87A9327E517E9004A2620 /* MyOrderTableViewCell.xib */ = {isa = PBXFileReference; fileEncoding = 4; lastKnownFileType = file.xib; path = MyOrderTableViewCell.xib; sourceTree = "<group>"; };
		85B87A9527E517F1004A2620 /* MyOrderItemCollectionViewCell.swift */ = {isa = PBXFileReference; fileEncoding = 4; lastKnownFileType = sourcecode.swift; path = MyOrderItemCollectionViewCell.swift; sourceTree = "<group>"; };
		85B87A9727E517F7004A2620 /* MyOrderItemCollectionViewCell.xib */ = {isa = PBXFileReference; fileEncoding = 4; lastKnownFileType = file.xib; path = MyOrderItemCollectionViewCell.xib; sourceTree = "<group>"; };
		85B87A9927E529AA004A2620 /* MainTabBarViewController.swift */ = {isa = PBXFileReference; lastKnownFileType = sourcecode.swift; path = MainTabBarViewController.swift; sourceTree = "<group>"; };
		85CD8EC227E3A86100009FFC /* order.swift */ = {isa = PBXFileReference; lastKnownFileType = sourcecode.swift; name = order.swift; path = Shopify/Model/POJOs/orders/order.swift; sourceTree = SOURCE_ROOT; };
		85DE38AA27E0D59000601A7E /* CategoriesViewModel.swift */ = {isa = PBXFileReference; lastKnownFileType = sourcecode.swift; path = CategoriesViewModel.swift; sourceTree = "<group>"; };
		85DE38AF27E0E74700601A7E /* Custom_collections.swift */ = {isa = PBXFileReference; lastKnownFileType = sourcecode.swift; name = Custom_collections.swift; path = Shopify/Model/POJOs/CustomCollections/Custom_collections.swift; sourceTree = SOURCE_ROOT; };
		85DE38B127E17BE500601A7E /* Profile.storyboard */ = {isa = PBXFileReference; lastKnownFileType = file.storyboard; path = Profile.storyboard; sourceTree = "<group>"; };
		85DE38B327E17E6C00601A7E /* MyProfileViewController.swift */ = {isa = PBXFileReference; lastKnownFileType = sourcecode.swift; path = MyProfileViewController.swift; sourceTree = "<group>"; };
		CD13BD3B27E80F0B00D6A7A5 /* HomeViewModel.swift */ = {isa = PBXFileReference; fileEncoding = 4; lastKnownFileType = sourcecode.swift; path = HomeViewModel.swift; sourceTree = "<group>"; };
		CD2E8CEE27DFAB210046C06D /* Networking.swift */ = {isa = PBXFileReference; lastKnownFileType = sourcecode.swift; name = Networking.swift; path = Shopify/Model/NetworkLayer/Networking.swift; sourceTree = SOURCE_ROOT; };
		CD2E8CF227DFABBF0046C06D /* HomeViewController.swift */ = {isa = PBXFileReference; fileEncoding = 4; lastKnownFileType = sourcecode.swift; path = HomeViewController.swift; sourceTree = "<group>"; };
		CD2E8CF427DFABDD0046C06D /* Home.storyboard */ = {isa = PBXFileReference; fileEncoding = 4; lastKnownFileType = file.storyboard; path = Home.storyboard; sourceTree = "<group>"; };
		CD2E8CF827DFABF80046C06D /* HomeCollectionViewCell.swift */ = {isa = PBXFileReference; fileEncoding = 4; lastKnownFileType = sourcecode.swift; path = HomeCollectionViewCell.swift; sourceTree = "<group>"; };
		CD2E8CF927DFABF80046C06D /* HomeCollectionViewCell.xib */ = {isa = PBXFileReference; fileEncoding = 4; lastKnownFileType = file.xib; path = HomeCollectionViewCell.xib; sourceTree = "<group>"; };
		CD2E8CFB27DFABF80046C06D /* BrandsTableViewCell.swift */ = {isa = PBXFileReference; fileEncoding = 4; lastKnownFileType = sourcecode.swift; path = BrandsTableViewCell.swift; sourceTree = "<group>"; };
		CD2E8CFC27DFABF80046C06D /* BrandsTableViewCell.xib */ = {isa = PBXFileReference; fileEncoding = 4; lastKnownFileType = file.xib; path = BrandsTableViewCell.xib; sourceTree = "<group>"; };
		CD2E8CFE27DFABF80046C06D /* HomeTableViewCell.swift */ = {isa = PBXFileReference; fileEncoding = 4; lastKnownFileType = sourcecode.swift; path = HomeTableViewCell.swift; sourceTree = "<group>"; };
		CD2E8CFF27DFABF80046C06D /* HomeTableViewCell.xib */ = {isa = PBXFileReference; fileEncoding = 4; lastKnownFileType = file.xib; path = HomeTableViewCell.xib; sourceTree = "<group>"; };
		CD2E8D0127DFABF80046C06D /* BrandsCollectionViewCell.swift */ = {isa = PBXFileReference; fileEncoding = 4; lastKnownFileType = sourcecode.swift; path = BrandsCollectionViewCell.swift; sourceTree = "<group>"; };
		CD2E8D0227DFABF80046C06D /* BrandsCollectionViewCell.xib */ = {isa = PBXFileReference; fileEncoding = 4; lastKnownFileType = file.xib; path = BrandsCollectionViewCell.xib; sourceTree = "<group>"; };
		CD3E36AD27E15C7D007DFC5E /* Customer.swift */ = {isa = PBXFileReference; lastKnownFileType = sourcecode.swift; name = Customer.swift; path = Shopify/Model/POJOs/NewCustomerModel/Customer.swift; sourceTree = SOURCE_ROOT; };
		CD4506AD27E5116B001F864F /* Helper.swift */ = {isa = PBXFileReference; lastKnownFileType = sourcecode.swift; path = Helper.swift; sourceTree = "<group>"; };
		CD5A061727E0E09A000CA494 /* Image.swift */ = {isa = PBXFileReference; fileEncoding = 4; lastKnownFileType = sourcecode.swift; name = Image.swift; path = Shopify/Model/POJOs/BrandsModel/Image.swift; sourceTree = SOURCE_ROOT; };
		CD5A061827E0E09B000CA494 /* Smart_collections.swift */ = {isa = PBXFileReference; fileEncoding = 4; lastKnownFileType = sourcecode.swift; name = Smart_collections.swift; path = Shopify/Model/POJOs/BrandsModel/Smart_collections.swift; sourceTree = SOURCE_ROOT; };
		CD5A061927E0E09B000CA494 /* BrandsModel.swift */ = {isa = PBXFileReference; fileEncoding = 4; lastKnownFileType = sourcecode.swift; name = BrandsModel.swift; path = Shopify/Model/POJOs/BrandsModel/BrandsModel.swift; sourceTree = SOURCE_ROOT; };
		CD5A061A27E0E09B000CA494 /* Rules.swift */ = {isa = PBXFileReference; fileEncoding = 4; lastKnownFileType = sourcecode.swift; name = Rules.swift; path = Shopify/Model/POJOs/BrandsModel/Rules.swift; sourceTree = SOURCE_ROOT; };
		CD5A061F27E0E0F8000CA494 /* Login.storyboard */ = {isa = PBXFileReference; lastKnownFileType = file.storyboard; path = Login.storyboard; sourceTree = "<group>"; };
		CD5A062127E0E112000CA494 /* LoginViewController.swift */ = {isa = PBXFileReference; lastKnownFileType = sourcecode.swift; path = LoginViewController.swift; sourceTree = "<group>"; };
		CD5A062327E11491000CA494 /* Register.storyboard */ = {isa = PBXFileReference; lastKnownFileType = file.storyboard; path = Register.storyboard; sourceTree = "<group>"; };
		CD5A062527E114A5000CA494 /* RegisterViewController.swift */ = {isa = PBXFileReference; lastKnownFileType = sourcecode.swift; path = RegisterViewController.swift; sourceTree = "<group>"; };
		CD78662927E8F9E0009A8B4C /* NetworkingTests.swift */ = {isa = PBXFileReference; lastKnownFileType = sourcecode.swift; path = NetworkingTests.swift; sourceTree = "<group>"; };
		CD78662B27E909E9009A8B4C /* RegisterTests.swift */ = {isa = PBXFileReference; lastKnownFileType = sourcecode.swift; path = RegisterTests.swift; sourceTree = "<group>"; };
		CD78662D27E90B3F009A8B4C /* CoreDataTests.swift */ = {isa = PBXFileReference; lastKnownFileType = sourcecode.swift; path = CoreDataTests.swift; sourceTree = "<group>"; };
		CD84C05727E236710033D898 /* Encodable + extension.swift */ = {isa = PBXFileReference; lastKnownFileType = sourcecode.swift; path = "Encodable + extension.swift"; sourceTree = "<group>"; };
		CD84C05927E239060033D898 /* RegisterViewModel.swift */ = {isa = PBXFileReference; lastKnownFileType = sourcecode.swift; path = RegisterViewModel.swift; sourceTree = "<group>"; };
		CD84C05B27E24C190033D898 /* ViewController + Extension.swift */ = {isa = PBXFileReference; lastKnownFileType = sourcecode.swift; path = "ViewController + Extension.swift"; sourceTree = "<group>"; };
		CDCE7C0C27E67D7B00DB24AC /* CoreDataServices.swift */ = {isa = PBXFileReference; lastKnownFileType = sourcecode.swift; path = CoreDataServices.swift; sourceTree = "<group>"; };
		CDCE7C0E27E6807500DB24AC /* WishListModel+CoreDataProperties.swift */ = {isa = PBXFileReference; fileEncoding = 4; lastKnownFileType = sourcecode.swift; path = "WishListModel+CoreDataProperties.swift"; sourceTree = "<group>"; };
		CDCE7C1327E6859700DB24AC /* OrderItemModel+CoreDataProperties.swift */ = {isa = PBXFileReference; fileEncoding = 4; lastKnownFileType = sourcecode.swift; path = "OrderItemModel+CoreDataProperties.swift"; sourceTree = "<group>"; };
		CDCE7C1427E6859700DB24AC /* OrderItemModel+CoreDataClass.swift */ = {isa = PBXFileReference; fileEncoding = 4; lastKnownFileType = sourcecode.swift; path = "OrderItemModel+CoreDataClass.swift"; sourceTree = "<group>"; };
		CDCE7C1727E68BCE00DB24AC /* ProductDetailsViewModel.swift */ = {isa = PBXFileReference; lastKnownFileType = sourcecode.swift; path = ProductDetailsViewModel.swift; sourceTree = "<group>"; };
		CDCE7C1927E6941100DB24AC /* WishListViewModel.swift */ = {isa = PBXFileReference; lastKnownFileType = sourcecode.swift; path = WishListViewModel.swift; sourceTree = "<group>"; };
		CDE8FECF27E26CD10038DDB7 /* LoginViewModel.swift */ = {isa = PBXFileReference; lastKnownFileType = sourcecode.swift; path = LoginViewModel.swift; sourceTree = "<group>"; };
/* End PBXFileReference section */

/* Begin PBXFrameworksBuildPhase section */
		5C5B8A1027DF9C940051462D /* Frameworks */ = {
			isa = PBXFrameworksBuildPhase;
			buildActionMask = 2147483647;
			files = (
				5CD2617610E68B0B4C3E4B20 /* Pods_Shopify.framework in Frameworks */,
			);
			runOnlyForDeploymentPostprocessing = 0;
		};
		5C5B8A2927DF9C960051462D /* Frameworks */ = {
			isa = PBXFrameworksBuildPhase;
			buildActionMask = 2147483647;
			files = (
			);
			runOnlyForDeploymentPostprocessing = 0;
		};
		5C5B8A3327DF9C960051462D /* Frameworks */ = {
			isa = PBXFrameworksBuildPhase;
			buildActionMask = 2147483647;
			files = (
			);
			runOnlyForDeploymentPostprocessing = 0;
		};
/* End PBXFrameworksBuildPhase section */

/* Begin PBXGroup section */
		39ECF19A27E519010058A415 /* ProductDetailsImageCollectionCell */ = {
			isa = PBXGroup;
			children = (
				39ECF1A127E51B780058A415 /* ProductDetailsImageCollectionCell.swift */,
				39ECF1A027E51B780058A415 /* ProductDetailsImageCollectionCell.xib */,
			);
			path = ProductDetailsImageCollectionCell;
			sourceTree = "<group>";
		};
		39ECF19B27E5192F0058A415 /* ProductListCell */ = {
			isa = PBXGroup;
			children = (
				39ECF19D27E51B500058A415 /* ProductListCell.swift */,
				39ECF19C27E51B500058A415 /* ProductListCell.xib */,
			);
			path = ProductListCell;
			sourceTree = "<group>";
		};
		5C03606827E5697B008067C6 /* wishlist */ = {
			isa = PBXGroup;
			children = (
				5C03606927E569A4008067C6 /* WishlistVC.swift */,
				5C03606B27E569C4008067C6 /* WishlistVC+TVC.swift */,
			);
			path = wishlist;
			sourceTree = "<group>";
		};
		5C03606D27E56A4E008067C6 /* wishlist */ = {
			isa = PBXGroup;
			children = (
				5C03606E27E56A83008067C6 /* WishlistTVCell.swift */,
				5C03606F27E56A83008067C6 /* WishlistTVCell.xib */,
			);
			path = wishlist;
			sourceTree = "<group>";
		};
		5C09DF2B27DFAEA600034B74 /* orders */ = {
			isa = PBXGroup;
			children = (
				5C09DF2C27DFAEA600034B74 /* OrdersTVC.swift */,
				5C09DF2D27DFAEA600034B74 /* OrdersTVC.xib */,
			);
			path = orders;
			sourceTree = "<group>";
		};
		5C09DF3027DFAEBC00034B74 /* orders */ = {
			isa = PBXGroup;
			children = (
				5C09DF3127DFAEBC00034B74 /* OrdersVC.swift */,
				5C09DF3227DFAEBC00034B74 /* OrdersVC+TVC.swift */,
			);
			path = orders;
			sourceTree = "<group>";
		};
		5C5B8A0A27DF9C940051462D = {
			isa = PBXGroup;
			children = (
				5C5B8A1527DF9C940051462D /* Shopify */,
				5C5B8A2F27DF9C960051462D /* ShopifyTests */,
				5C5B8A3927DF9C960051462D /* ShopifyUITests */,
				5C5B8A1427DF9C940051462D /* Products */,
				9BC786EF9A626C6B79BBFD3F /* Pods */,
				96FD982582530F52C61209E7 /* Frameworks */,
			);
			sourceTree = "<group>";
		};
		5C5B8A1427DF9C940051462D /* Products */ = {
			isa = PBXGroup;
			children = (
				5C5B8A1327DF9C940051462D /* Shopify.app */,
				5C5B8A2C27DF9C960051462D /* ShopifyTests.xctest */,
				5C5B8A3627DF9C960051462D /* ShopifyUITests.xctest */,
			);
			name = Products;
			sourceTree = "<group>";
		};
		5C5B8A1527DF9C940051462D /* Shopify */ = {
			isa = PBXGroup;
			children = (
				5C5B8A4927DF9CAD0051462D /* Delegates */,
				5C5B8A5627DF9E700051462D /* Utilities */,
				5C5B8A5727DF9EBC0051462D /* LocalData */,
				CD4506AC27E5115C001F864F /* Helper */,
				CD84C05627E236350033D898 /* Extension */,
				5C5B8A4F27DF9D090051462D /* Constants */,
				5C5B8A4C27DF9CDD0051462D /* Model */,
				5C5B8A4B27DF9CC80051462D /* ViewModel */,
				5C5B8A4A27DF9CBF0051462D /* View */,
			);
			path = Shopify;
			sourceTree = "<group>";
		};
		5C5B8A2F27DF9C960051462D /* ShopifyTests */ = {
			isa = PBXGroup;
			children = (
				CD78662D27E90B3F009A8B4C /* CoreDataTests.swift */,
				CD78662B27E909E9009A8B4C /* RegisterTests.swift */,
				CD78662927E8F9E0009A8B4C /* NetworkingTests.swift */,
				5C5B8A3027DF9C960051462D /* ShopifyTests.swift */,
			);
			path = ShopifyTests;
			sourceTree = "<group>";
		};
		5C5B8A3927DF9C960051462D /* ShopifyUITests */ = {
			isa = PBXGroup;
			children = (
				5C5B8A3A27DF9C960051462D /* ShopifyUITests.swift */,
				5C5B8A3C27DF9C960051462D /* ShopifyUITestsLaunchTests.swift */,
			);
			path = ShopifyUITests;
			sourceTree = "<group>";
		};
		5C5B8A4927DF9CAD0051462D /* Delegates */ = {
			isa = PBXGroup;
			children = (
				5C5B8A1627DF9C940051462D /* AppDelegate.swift */,
				5C5B8A1827DF9C940051462D /* SceneDelegate.swift */,
			);
			path = Delegates;
			sourceTree = "<group>";
		};
		5C5B8A4A27DF9CBF0051462D /* View */ = {
			isa = PBXGroup;
			children = (
				5C5B8A5527DF9E0D0051462D /* Storyboards */,
				5C5B8A5327DF9D5B0051462D /* ViewControllers */,
				5C5B8A5427DF9D760051462D /* Cell */,
			);
			path = View;
			sourceTree = "<group>";
		};
		5C5B8A4B27DF9CC80051462D /* ViewModel */ = {
			isa = PBXGroup;
			children = (
				CD13BD3B27E80F0B00D6A7A5 /* HomeViewModel.swift */,
				85DE38AA27E0D59000601A7E /* CategoriesViewModel.swift */,
				CD84C05927E239060033D898 /* RegisterViewModel.swift */,
				CDE8FECF27E26CD10038DDB7 /* LoginViewModel.swift */,
				39ECF18827E515550058A415 /* ProductViewModel.swift */,
				CDCE7C1727E68BCE00DB24AC /* ProductDetailsViewModel.swift */,
				CDCE7C1927E6941100DB24AC /* WishListViewModel.swift */,
				8559525427E6A9BC00F4130C /* OrderViewModel.swift */,
			);
			path = ViewModel;
			sourceTree = "<group>";
		};
		5C5B8A4C27DF9CDD0051462D /* Model */ = {
			isa = PBXGroup;
			children = (
				5C5B8A4E27DF9CF90051462D /* POJOs */,
				5C5B8A4D27DF9CE60051462D /* NetworkLayer */,
				CDCE7C0B27E67D6600DB24AC /* CoreDataServices */,
			);
			path = Model;
			sourceTree = "<group>";
		};
		5C5B8A4D27DF9CE60051462D /* NetworkLayer */ = {
			isa = PBXGroup;
			children = (
				CD2E8CEE27DFAB210046C06D /* Networking.swift */,
			);
			path = NetworkLayer;
			sourceTree = "<group>";
		};
		5C5B8A4E27DF9CF90051462D /* POJOs */ = {
			isa = PBXGroup;
			children = (
				CDCE7C1227E684F400DB24AC /* OrderItemModel */,
				CD3CE90B27E67A2500379EA9 /* WishListModel */,
				85CD8EC127E3A71E00009FFC /* orders */,
				85DE38AC27E0E6AB00601A7E /* CustomCollections */,
				CD3E369827E123F7007DFC5E /* NewCustomerModel */,
				CD2E8D1227E011650046C06D /* BrandsModel */,
				853D5A5327DFC46E00D287A4 /* products */,
			);
			path = POJOs;
			sourceTree = "<group>";
		};
		5C5B8A4F27DF9D090051462D /* Constants */ = {
			isa = PBXGroup;
			children = (
				5C5B8A5027DF9D140051462D /* URLs */,
			);
			path = Constants;
			sourceTree = "<group>";
		};
		5C5B8A5027DF9D140051462D /* URLs */ = {
			isa = PBXGroup;
			children = (
				5C5B8A5127DF9D250051462D /* URLs.swift */,
			);
			path = URLs;
			sourceTree = "<group>";
		};
		5C5B8A5327DF9D5B0051462D /* ViewControllers */ = {
			isa = PBXGroup;
			children = (
				CD2E8CF227DFABBF0046C06D /* HomeViewController.swift */,
				853D5A4B27DFAF1600D287A4 /* CategoriesVC.swift */,
				85DE38B327E17E6C00601A7E /* MyProfileViewController.swift */,
				8544C17927E242E0000072D5 /* GuestProfileViewController.swift */,
				8544C17B27E247D4000072D5 /* AboutUsViewController.swift */,
				85B87A8E27E517BD004A2620 /* MyOrdersTableViewController.swift */,
				CD5A062127E0E112000CA494 /* LoginViewController.swift */,
				CD5A062527E114A5000CA494 /* RegisterViewController.swift */,
				39ECF18C27E515860058A415 /* ProductDetailsViewController.swift */,
				39ECF18D27E515860058A415 /* ProductListViewController.swift */,
				85B87A9927E529AA004A2620 /* MainTabBarViewController.swift */,
				5C837E2427E278E0009970B5 /* Address */,
				5C09DF3027DFAEBC00034B74 /* orders */,
				5C03606827E5697B008067C6 /* wishlist */,
			);
			path = ViewControllers;
			sourceTree = "<group>";
		};
		5C5B8A5427DF9D760051462D /* Cell */ = {
			isa = PBXGroup;
			children = (
				5C03606D27E56A4E008067C6 /* wishlist */,
				85B87A9027E517CC004A2620 /* MyOrders */,
				39ECF19B27E5192F0058A415 /* ProductListCell */,
				39ECF19A27E519010058A415 /* ProductDetailsImageCollectionCell */,
				5C837E2727E2793B009970B5 /* Address */,
				CD2E8CF627DFABF80046C06D /* Home */,
				853D5A4E27DFAF4B00D287A4 /* ProductInCategoryCell */,
				5C09DF2B27DFAEA600034B74 /* orders */,
			);
			path = Cell;
			sourceTree = "<group>";
		};
		5C5B8A5527DF9E0D0051462D /* Storyboards */ = {
			isa = PBXGroup;
			children = (
				5CF799D527E278460022A799 /* Address.storyboard */,
				5C5B8A1C27DF9C940051462D /* Main.storyboard */,
				CD2E8CF427DFABDD0046C06D /* Home.storyboard */,
				853D5A4927DFAF0B00D287A4 /* Categories.storyboard */,
				85DE38B127E17BE500601A7E /* Profile.storyboard */,
				CD5A061F27E0E0F8000CA494 /* Login.storyboard */,
				CD5A062327E11491000CA494 /* Register.storyboard */,
				5C09DF3527DFAECE00034B74 /* orders.storyboard */,
				39ECF18A27E5156C0058A415 /* ProductList.storyboard */,
				5C03606627E56946008067C6 /* Wishlist.storyboard */,
			);
			path = Storyboards;
			sourceTree = "<group>";
		};
		5C5B8A5627DF9E700051462D /* Utilities */ = {
			isa = PBXGroup;
			children = (
				5C5B8A2227DF9C960051462D /* Assets.xcassets */,
				5C5B8A2427DF9C960051462D /* LaunchScreen.storyboard */,
				5C5B8A2727DF9C960051462D /* Info.plist */,
			);
			path = Utilities;
			sourceTree = "<group>";
		};
		5C5B8A5727DF9EBC0051462D /* LocalData */ = {
			isa = PBXGroup;
			children = (
				5C5B8A1F27DF9C940051462D /* Shopify.xcdatamodeld */,
			);
			path = LocalData;
			sourceTree = "<group>";
		};
		5C837E2427E278E0009970B5 /* Address */ = {
			isa = PBXGroup;
			children = (
				5C837E2527E278F8009970B5 /* AddressVC.swift */,
				5C837E2C27E27DEE009970B5 /* AddressVC+TVC.swift */,
				5C837E2E27E28D09009970B5 /* FloatinLabelInput.swift */,
				5C837E3027E290ED009970B5 /* CreateAddressVC.swift */,
			);
			path = Address;
			sourceTree = "<group>";
		};
		5C837E2727E2793B009970B5 /* Address */ = {
			isa = PBXGroup;
			children = (
				5C837E2827E27973009970B5 /* AddressTVCell.swift */,
				5C837E2927E27973009970B5 /* AddressTVCell.xib */,
			);
			path = Address;
			sourceTree = "<group>";
		};
		853D5A4E27DFAF4B00D287A4 /* ProductInCategoryCell */ = {
			isa = PBXGroup;
			children = (
				853D5A4F27DFAF5700D287A4 /* ProductInCategoryCVC.swift */,
				853D5A5127DFAF5D00D287A4 /* ProductInCategoryCVC.xib */,
			);
			path = ProductInCategoryCell;
			sourceTree = "<group>";
		};
		853D5A5327DFC46E00D287A4 /* products */ = {
			isa = PBXGroup;
			children = (
				853D5A5527DFC46E00D287A4 /* Products.swift */,
				853D5A5627DFC46E00D287A4 /* ProductImage.swift */,
				853D5A5727DFC46E00D287A4 /* Product.swift */,
				853D5A5827DFC46E00D287A4 /* Variants.swift */,
				853D5A5927DFC46E00D287A4 /* Images.swift */,
			);
			name = products;
			path = POJOs/products;
			sourceTree = SOURCE_ROOT;
		};
		85B87A9027E517CC004A2620 /* MyOrders */ = {
			isa = PBXGroup;
			children = (
				85B87A9127E517E3004A2620 /* MyOrderTableViewCell.swift */,
				85B87A9327E517E9004A2620 /* MyOrderTableViewCell.xib */,
				85B87A9527E517F1004A2620 /* MyOrderItemCollectionViewCell.swift */,
				85B87A9727E517F7004A2620 /* MyOrderItemCollectionViewCell.xib */,
			);
			path = MyOrders;
			sourceTree = "<group>";
		};
		85CD8EC127E3A71E00009FFC /* orders */ = {
			isa = PBXGroup;
			children = (
				85CD8EC227E3A86100009FFC /* order.swift */,
			);
			path = orders;
			sourceTree = "<group>";
		};
		85DE38AC27E0E6AB00601A7E /* CustomCollections */ = {
			isa = PBXGroup;
			children = (
				85DE38AF27E0E74700601A7E /* Custom_collections.swift */,
			);
			path = CustomCollections;
			sourceTree = "<group>";
		};
		96FD982582530F52C61209E7 /* Frameworks */ = {
			isa = PBXGroup;
			children = (
				77084D1361E1BD5333BFB951 /* Pods_Shopify.framework */,
			);
			name = Frameworks;
			sourceTree = "<group>";
		};
		9BC786EF9A626C6B79BBFD3F /* Pods */ = {
			isa = PBXGroup;
			children = (
				6BA80F02FEE55B4435A8330C /* Pods-Shopify.debug.xcconfig */,
				7F7A21BFF49091D35DA5B279 /* Pods-Shopify.release.xcconfig */,
			);
			path = Pods;
			sourceTree = "<group>";
		};
		CD2E8CF627DFABF80046C06D /* Home */ = {
			isa = PBXGroup;
			children = (
				CD2E8CFD27DFABF80046C06D /* AdsTableCell */,
				CD2E8CF727DFABF80046C06D /* AdsCollectionCell */,
				CD2E8CFA27DFABF80046C06D /* BrandsTableCell */,
				CD2E8D0027DFABF80046C06D /* BrandsCollectionCell */,
			);
			path = Home;
			sourceTree = "<group>";
		};
		CD2E8CF727DFABF80046C06D /* AdsCollectionCell */ = {
			isa = PBXGroup;
			children = (
				CD2E8CF827DFABF80046C06D /* HomeCollectionViewCell.swift */,
				CD2E8CF927DFABF80046C06D /* HomeCollectionViewCell.xib */,
			);
			path = AdsCollectionCell;
			sourceTree = "<group>";
		};
		CD2E8CFA27DFABF80046C06D /* BrandsTableCell */ = {
			isa = PBXGroup;
			children = (
				CD2E8CFB27DFABF80046C06D /* BrandsTableViewCell.swift */,
				CD2E8CFC27DFABF80046C06D /* BrandsTableViewCell.xib */,
			);
			path = BrandsTableCell;
			sourceTree = "<group>";
		};
		CD2E8CFD27DFABF80046C06D /* AdsTableCell */ = {
			isa = PBXGroup;
			children = (
				CD2E8CFE27DFABF80046C06D /* HomeTableViewCell.swift */,
				CD2E8CFF27DFABF80046C06D /* HomeTableViewCell.xib */,
			);
			path = AdsTableCell;
			sourceTree = "<group>";
		};
		CD2E8D0027DFABF80046C06D /* BrandsCollectionCell */ = {
			isa = PBXGroup;
			children = (
				CD2E8D0127DFABF80046C06D /* BrandsCollectionViewCell.swift */,
				CD2E8D0227DFABF80046C06D /* BrandsCollectionViewCell.xib */,
			);
			path = BrandsCollectionCell;
			sourceTree = "<group>";
		};
		CD2E8D1227E011650046C06D /* BrandsModel */ = {
			isa = PBXGroup;
			children = (
				CD5A061927E0E09B000CA494 /* BrandsModel.swift */,
				CD5A061727E0E09A000CA494 /* Image.swift */,
				CD5A061A27E0E09B000CA494 /* Rules.swift */,
				CD5A061827E0E09B000CA494 /* Smart_collections.swift */,
			);
			path = BrandsModel;
			sourceTree = "<group>";
		};
		CD3CE90B27E67A2500379EA9 /* WishListModel */ = {
			isa = PBXGroup;
			children = (
				3934231B27E811D400F3E74B /* WishListModel+CoreDataClass.swift */,
				CDCE7C0E27E6807500DB24AC /* WishListModel+CoreDataProperties.swift */,
			);
			path = WishListModel;
			sourceTree = "<group>";
		};
		CD3E369827E123F7007DFC5E /* NewCustomerModel */ = {
			isa = PBXGroup;
			children = (
				CD3E36AD27E15C7D007DFC5E /* Customer.swift */,
			);
			path = NewCustomerModel;
			sourceTree = "<group>";
		};
		CD4506AC27E5115C001F864F /* Helper */ = {
			isa = PBXGroup;
			children = (
				CD4506AD27E5116B001F864F /* Helper.swift */,
			);
			path = Helper;
			sourceTree = "<group>";
		};
		CD84C05627E236350033D898 /* Extension */ = {
			isa = PBXGroup;
			children = (
				CD84C05727E236710033D898 /* Encodable + extension.swift */,
				CD84C05B27E24C190033D898 /* ViewController + Extension.swift */,
			);
			path = Extension;
			sourceTree = "<group>";
		};
		CDCE7C0B27E67D6600DB24AC /* CoreDataServices */ = {
			isa = PBXGroup;
			children = (
				CDCE7C0C27E67D7B00DB24AC /* CoreDataServices.swift */,
			);
			path = CoreDataServices;
			sourceTree = "<group>";
		};
		CDCE7C1227E684F400DB24AC /* OrderItemModel */ = {
			isa = PBXGroup;
			children = (
				CDCE7C1427E6859700DB24AC /* OrderItemModel+CoreDataClass.swift */,
				CDCE7C1327E6859700DB24AC /* OrderItemModel+CoreDataProperties.swift */,
			);
			path = OrderItemModel;
			sourceTree = "<group>";
		};
/* End PBXGroup section */

/* Begin PBXNativeTarget section */
		5C5B8A1227DF9C940051462D /* Shopify */ = {
			isa = PBXNativeTarget;
			buildConfigurationList = 5C5B8A4027DF9C960051462D /* Build configuration list for PBXNativeTarget "Shopify" */;
			buildPhases = (
				0A77E15A64DFC6F88E48B484 /* [CP] Check Pods Manifest.lock */,
				5C5B8A0F27DF9C940051462D /* Sources */,
				5C5B8A1027DF9C940051462D /* Frameworks */,
				5C5B8A1127DF9C940051462D /* Resources */,
				F0D13D92CB78C11EAAD2D844 /* [CP] Embed Pods Frameworks */,
			);
			buildRules = (
			);
			dependencies = (
			);
			name = Shopify;
			productName = Shopify;
			productReference = 5C5B8A1327DF9C940051462D /* Shopify.app */;
			productType = "com.apple.product-type.application";
		};
		5C5B8A2B27DF9C960051462D /* ShopifyTests */ = {
			isa = PBXNativeTarget;
			buildConfigurationList = 5C5B8A4327DF9C960051462D /* Build configuration list for PBXNativeTarget "ShopifyTests" */;
			buildPhases = (
				5C5B8A2827DF9C960051462D /* Sources */,
				5C5B8A2927DF9C960051462D /* Frameworks */,
				5C5B8A2A27DF9C960051462D /* Resources */,
			);
			buildRules = (
			);
			dependencies = (
				5C5B8A2E27DF9C960051462D /* PBXTargetDependency */,
			);
			name = ShopifyTests;
			productName = ShopifyTests;
			productReference = 5C5B8A2C27DF9C960051462D /* ShopifyTests.xctest */;
			productType = "com.apple.product-type.bundle.unit-test";
		};
		5C5B8A3527DF9C960051462D /* ShopifyUITests */ = {
			isa = PBXNativeTarget;
			buildConfigurationList = 5C5B8A4627DF9C960051462D /* Build configuration list for PBXNativeTarget "ShopifyUITests" */;
			buildPhases = (
				5C5B8A3227DF9C960051462D /* Sources */,
				5C5B8A3327DF9C960051462D /* Frameworks */,
				5C5B8A3427DF9C960051462D /* Resources */,
			);
			buildRules = (
			);
			dependencies = (
				5C5B8A3827DF9C960051462D /* PBXTargetDependency */,
			);
			name = ShopifyUITests;
			productName = ShopifyUITests;
			productReference = 5C5B8A3627DF9C960051462D /* ShopifyUITests.xctest */;
			productType = "com.apple.product-type.bundle.ui-testing";
		};
/* End PBXNativeTarget section */

/* Begin PBXProject section */
		5C5B8A0B27DF9C940051462D /* Project object */ = {
			isa = PBXProject;
			attributes = {
				BuildIndependentTargetsInParallel = 1;
				LastSwiftUpdateCheck = 1300;
				LastUpgradeCheck = 1300;
				TargetAttributes = {
					5C5B8A1227DF9C940051462D = {
						CreatedOnToolsVersion = 13.0;
					};
					5C5B8A2B27DF9C960051462D = {
						CreatedOnToolsVersion = 13.0;
						TestTargetID = 5C5B8A1227DF9C940051462D;
					};
					5C5B8A3527DF9C960051462D = {
						CreatedOnToolsVersion = 13.0;
						TestTargetID = 5C5B8A1227DF9C940051462D;
					};
				};
			};
			buildConfigurationList = 5C5B8A0E27DF9C940051462D /* Build configuration list for PBXProject "Shopify" */;
			compatibilityVersion = "Xcode 13.0";
			developmentRegion = en;
			hasScannedForEncodings = 0;
			knownRegions = (
				en,
				Base,
			);
			mainGroup = 5C5B8A0A27DF9C940051462D;
			productRefGroup = 5C5B8A1427DF9C940051462D /* Products */;
			projectDirPath = "";
			projectRoot = "";
			targets = (
				5C5B8A1227DF9C940051462D /* Shopify */,
				5C5B8A2B27DF9C960051462D /* ShopifyTests */,
				5C5B8A3527DF9C960051462D /* ShopifyUITests */,
			);
		};
/* End PBXProject section */

/* Begin PBXResourcesBuildPhase section */
		5C5B8A1127DF9C940051462D /* Resources */ = {
			isa = PBXResourcesBuildPhase;
			buildActionMask = 2147483647;
			files = (
				CD2E8D0427DFABF80046C06D /* HomeCollectionViewCell.xib in Resources */,
				85DE38B227E17BE500601A7E /* Profile.storyboard in Resources */,
				39ECF19E27E51B500058A415 /* ProductListCell.xib in Resources */,
				CD2E8D0827DFABF80046C06D /* HomeTableViewCell.xib in Resources */,
				39ECF18B27E5156C0058A415 /* ProductList.storyboard in Resources */,
				CD2E8D0627DFABF80046C06D /* BrandsTableViewCell.xib in Resources */,
				5C5B8A2627DF9C960051462D /* LaunchScreen.storyboard in Resources */,
				5C09DF3627DFAECE00034B74 /* orders.storyboard in Resources */,
				5C5B8A2327DF9C960051462D /* Assets.xcassets in Resources */,
				853D5A4A27DFAF0B00D287A4 /* Categories.storyboard in Resources */,
				5C837E2B27E27973009970B5 /* AddressTVCell.xib in Resources */,
				5CF799D627E278460022A799 /* Address.storyboard in Resources */,
				5C03607127E56A83008067C6 /* WishlistTVCell.xib in Resources */,
				39ECF1A227E51B780058A415 /* ProductDetailsImageCollectionCell.xib in Resources */,
				5C09DF2F27DFAEA600034B74 /* OrdersTVC.xib in Resources */,
				85B87A9827E517F7004A2620 /* MyOrderItemCollectionViewCell.xib in Resources */,
				5C03606727E56946008067C6 /* Wishlist.storyboard in Resources */,
				5C5B8A1E27DF9C940051462D /* Main.storyboard in Resources */,
				CD2E8D0A27DFABF80046C06D /* BrandsCollectionViewCell.xib in Resources */,
				CD2E8CF527DFABDD0046C06D /* Home.storyboard in Resources */,
				853D5A5227DFAF5D00D287A4 /* ProductInCategoryCVC.xib in Resources */,
				CD5A062027E0E0F8000CA494 /* Login.storyboard in Resources */,
				85B87A9427E517EA004A2620 /* MyOrderTableViewCell.xib in Resources */,
				CD5A062427E11491000CA494 /* Register.storyboard in Resources */,
			);
			runOnlyForDeploymentPostprocessing = 0;
		};
		5C5B8A2A27DF9C960051462D /* Resources */ = {
			isa = PBXResourcesBuildPhase;
			buildActionMask = 2147483647;
			files = (
			);
			runOnlyForDeploymentPostprocessing = 0;
		};
		5C5B8A3427DF9C960051462D /* Resources */ = {
			isa = PBXResourcesBuildPhase;
			buildActionMask = 2147483647;
			files = (
			);
			runOnlyForDeploymentPostprocessing = 0;
		};
/* End PBXResourcesBuildPhase section */

/* Begin PBXShellScriptBuildPhase section */
		0A77E15A64DFC6F88E48B484 /* [CP] Check Pods Manifest.lock */ = {
			isa = PBXShellScriptBuildPhase;
			buildActionMask = 2147483647;
			files = (
			);
			inputFileListPaths = (
			);
			inputPaths = (
				"${PODS_PODFILE_DIR_PATH}/Podfile.lock",
				"${PODS_ROOT}/Manifest.lock",
			);
			name = "[CP] Check Pods Manifest.lock";
			outputFileListPaths = (
			);
			outputPaths = (
				"$(DERIVED_FILE_DIR)/Pods-Shopify-checkManifestLockResult.txt",
			);
			runOnlyForDeploymentPostprocessing = 0;
			shellPath = /bin/sh;
			shellScript = "diff \"${PODS_PODFILE_DIR_PATH}/Podfile.lock\" \"${PODS_ROOT}/Manifest.lock\" > /dev/null\nif [ $? != 0 ] ; then\n    # print error to STDERR\n    echo \"error: The sandbox is not in sync with the Podfile.lock. Run 'pod install' or update your CocoaPods installation.\" >&2\n    exit 1\nfi\n# This output is used by Xcode 'outputs' to avoid re-running this script phase.\necho \"SUCCESS\" > \"${SCRIPT_OUTPUT_FILE_0}\"\n";
			showEnvVarsInLog = 0;
		};
		F0D13D92CB78C11EAAD2D844 /* [CP] Embed Pods Frameworks */ = {
			isa = PBXShellScriptBuildPhase;
			buildActionMask = 2147483647;
			files = (
			);
			inputFileListPaths = (
				"${PODS_ROOT}/Target Support Files/Pods-Shopify/Pods-Shopify-frameworks-${CONFIGURATION}-input-files.xcfilelist",
			);
			name = "[CP] Embed Pods Frameworks";
			outputFileListPaths = (
				"${PODS_ROOT}/Target Support Files/Pods-Shopify/Pods-Shopify-frameworks-${CONFIGURATION}-output-files.xcfilelist",
			);
			runOnlyForDeploymentPostprocessing = 0;
			shellPath = /bin/sh;
			shellScript = "\"${PODS_ROOT}/Target Support Files/Pods-Shopify/Pods-Shopify-frameworks.sh\"\n";
			showEnvVarsInLog = 0;
		};
/* End PBXShellScriptBuildPhase section */

/* Begin PBXSourcesBuildPhase section */
		5C5B8A0F27DF9C940051462D /* Sources */ = {
			isa = PBXSourcesBuildPhase;
			buildActionMask = 2147483647;
			files = (
				8544C17A27E242E0000072D5 /* GuestProfileViewController.swift in Sources */,
				8544C17C27E247D4000072D5 /* AboutUsViewController.swift in Sources */,
				5C09DF2E27DFAEA600034B74 /* OrdersTVC.swift in Sources */,
				5C837E2F27E28D09009970B5 /* FloatinLabelInput.swift in Sources */,
				5C09DF3327DFAEBC00034B74 /* OrdersVC.swift in Sources */,
				5C5B8A1727DF9C940051462D /* AppDelegate.swift in Sources */,
				853D5A5F27DFC46E00D287A4 /* Images.swift in Sources */,
				CDCE7C0D27E67D7B00DB24AC /* CoreDataServices.swift in Sources */,
				39ECF18927E515550058A415 /* ProductViewModel.swift in Sources */,
				853D5A5C27DFC46E00D287A4 /* ProductImage.swift in Sources */,
				3934231C27E811D400F3E74B /* WishListModel+CoreDataClass.swift in Sources */,
				85B87A9627E517F1004A2620 /* MyOrderItemCollectionViewCell.swift in Sources */,
				CD5A061E27E0E09B000CA494 /* Rules.swift in Sources */,
				CDCE7C1A27E6941100DB24AC /* WishListViewModel.swift in Sources */,
				CD2E8D0727DFABF80046C06D /* HomeTableViewCell.swift in Sources */,
				CD3E36AE27E15C7D007DFC5E /* Customer.swift in Sources */,
				85B87A9A27E529AA004A2620 /* MainTabBarViewController.swift in Sources */,
				39ECF18F27E515860058A415 /* ProductListViewController.swift in Sources */,
				5C03606A27E569A4008067C6 /* WishlistVC.swift in Sources */,
				85DE38AB27E0D59000601A7E /* CategoriesViewModel.swift in Sources */,
				CD84C05827E236710033D898 /* Encodable + extension.swift in Sources */,
				5C03607027E56A83008067C6 /* WishlistTVCell.swift in Sources */,
				CDE8FED027E26CD10038DDB7 /* LoginViewModel.swift in Sources */,
				39ECF1A327E51B780058A415 /* ProductDetailsImageCollectionCell.swift in Sources */,
				39ECF19F27E51B500058A415 /* ProductListCell.swift in Sources */,
				CD5A061C27E0E09B000CA494 /* Smart_collections.swift in Sources */,
				CD2E8CEF27DFAB210046C06D /* Networking.swift in Sources */,
				CDCE7C1827E68BCE00DB24AC /* ProductDetailsViewModel.swift in Sources */,
				853D5A5027DFAF5700D287A4 /* ProductInCategoryCVC.swift in Sources */,
				85B87A8F27E517BD004A2620 /* MyOrdersTableViewController.swift in Sources */,
				5C5B8A2127DF9C940051462D /* Shopify.xcdatamodeld in Sources */,
				85CD8EC327E3A86100009FFC /* order.swift in Sources */,
				CD5A061B27E0E09B000CA494 /* Image.swift in Sources */,
				CD5A062227E0E112000CA494 /* LoginViewController.swift in Sources */,
				5C837E2627E278F8009970B5 /* AddressVC.swift in Sources */,
				5C837E3127E290ED009970B5 /* CreateAddressVC.swift in Sources */,
				CD2E8D0927DFABF80046C06D /* BrandsCollectionViewCell.swift in Sources */,
				CD13BD3C27E80F0B00D6A7A5 /* HomeViewModel.swift in Sources */,
				39ECF18E27E515860058A415 /* ProductDetailsViewController.swift in Sources */,
				CDCE7C1527E6859700DB24AC /* OrderItemModel+CoreDataProperties.swift in Sources */,
				5C03606C27E569C4008067C6 /* WishlistVC+TVC.swift in Sources */,
				5C09DF3427DFAEBC00034B74 /* OrdersVC+TVC.swift in Sources */,
				CD4506AE27E5116B001F864F /* Helper.swift in Sources */,
				5C5B8A1927DF9C940051462D /* SceneDelegate.swift in Sources */,
				CD2E8CF327DFABBF0046C06D /* HomeViewController.swift in Sources */,
				CD5A062627E114A5000CA494 /* RegisterViewController.swift in Sources */,
				5C837E2D27E27DEE009970B5 /* AddressVC+TVC.swift in Sources */,
				5C837E2A27E27973009970B5 /* AddressTVCell.swift in Sources */,
				CDCE7C1627E6859700DB24AC /* OrderItemModel+CoreDataClass.swift in Sources */,
				5C5B8A5227DF9D250051462D /* URLs.swift in Sources */,
				85DE38B427E17E6C00601A7E /* MyProfileViewController.swift in Sources */,
				CDCE7C0F27E6807500DB24AC /* WishListModel+CoreDataProperties.swift in Sources */,
				853D5A5B27DFC46E00D287A4 /* Products.swift in Sources */,
				853D5A5D27DFC46E00D287A4 /* Product.swift in Sources */,
				CD5A061D27E0E09B000CA494 /* BrandsModel.swift in Sources */,
				8559525527E6A9BC00F4130C /* OrderViewModel.swift in Sources */,
				CD84C05A27E239060033D898 /* RegisterViewModel.swift in Sources */,
				CD2E8D0327DFABF80046C06D /* HomeCollectionViewCell.swift in Sources */,
				85B87A9227E517E3004A2620 /* MyOrderTableViewCell.swift in Sources */,
				CD2E8D0527DFABF80046C06D /* BrandsTableViewCell.swift in Sources */,
				85DE38B027E0E74700601A7E /* Custom_collections.swift in Sources */,
				853D5A4C27DFAF1600D287A4 /* CategoriesVC.swift in Sources */,
				853D5A5E27DFC46E00D287A4 /* Variants.swift in Sources */,
				CD84C05C27E24C190033D898 /* ViewController + Extension.swift in Sources */,
			);
			runOnlyForDeploymentPostprocessing = 0;
		};
		5C5B8A2827DF9C960051462D /* Sources */ = {
			isa = PBXSourcesBuildPhase;
			buildActionMask = 2147483647;
			files = (
				CD78662E27E90B3F009A8B4C /* CoreDataTests.swift in Sources */,
				5C5B8A3127DF9C960051462D /* ShopifyTests.swift in Sources */,
				CD78662A27E8F9E0009A8B4C /* NetworkingTests.swift in Sources */,
				CD78662C27E909E9009A8B4C /* RegisterTests.swift in Sources */,
			);
			runOnlyForDeploymentPostprocessing = 0;
		};
		5C5B8A3227DF9C960051462D /* Sources */ = {
			isa = PBXSourcesBuildPhase;
			buildActionMask = 2147483647;
			files = (
				5C5B8A3B27DF9C960051462D /* ShopifyUITests.swift in Sources */,
				5C5B8A3D27DF9C960051462D /* ShopifyUITestsLaunchTests.swift in Sources */,
			);
			runOnlyForDeploymentPostprocessing = 0;
		};
/* End PBXSourcesBuildPhase section */

/* Begin PBXTargetDependency section */
		5C5B8A2E27DF9C960051462D /* PBXTargetDependency */ = {
			isa = PBXTargetDependency;
			target = 5C5B8A1227DF9C940051462D /* Shopify */;
			targetProxy = 5C5B8A2D27DF9C960051462D /* PBXContainerItemProxy */;
		};
		5C5B8A3827DF9C960051462D /* PBXTargetDependency */ = {
			isa = PBXTargetDependency;
			target = 5C5B8A1227DF9C940051462D /* Shopify */;
			targetProxy = 5C5B8A3727DF9C960051462D /* PBXContainerItemProxy */;
		};
/* End PBXTargetDependency section */

/* Begin PBXVariantGroup section */
		5C5B8A1C27DF9C940051462D /* Main.storyboard */ = {
			isa = PBXVariantGroup;
			children = (
				5C5B8A1D27DF9C940051462D /* Base */,
			);
			name = Main.storyboard;
			sourceTree = "<group>";
		};
		5C5B8A2427DF9C960051462D /* LaunchScreen.storyboard */ = {
			isa = PBXVariantGroup;
			children = (
				5C5B8A2527DF9C960051462D /* Base */,
			);
			name = LaunchScreen.storyboard;
			sourceTree = "<group>";
		};
/* End PBXVariantGroup section */

/* Begin XCBuildConfiguration section */
		5C5B8A3E27DF9C960051462D /* Debug */ = {
			isa = XCBuildConfiguration;
			buildSettings = {
				ALWAYS_SEARCH_USER_PATHS = NO;
				CLANG_ANALYZER_NONNULL = YES;
				CLANG_ANALYZER_NUMBER_OBJECT_CONVERSION = YES_AGGRESSIVE;
				CLANG_CXX_LANGUAGE_STANDARD = "gnu++17";
				CLANG_CXX_LIBRARY = "libc++";
				CLANG_ENABLE_MODULES = YES;
				CLANG_ENABLE_OBJC_ARC = YES;
				CLANG_ENABLE_OBJC_WEAK = YES;
				CLANG_WARN_BLOCK_CAPTURE_AUTORELEASING = YES;
				CLANG_WARN_BOOL_CONVERSION = YES;
				CLANG_WARN_COMMA = YES;
				CLANG_WARN_CONSTANT_CONVERSION = YES;
				CLANG_WARN_DEPRECATED_OBJC_IMPLEMENTATIONS = YES;
				CLANG_WARN_DIRECT_OBJC_ISA_USAGE = YES_ERROR;
				CLANG_WARN_DOCUMENTATION_COMMENTS = YES;
				CLANG_WARN_EMPTY_BODY = YES;
				CLANG_WARN_ENUM_CONVERSION = YES;
				CLANG_WARN_INFINITE_RECURSION = YES;
				CLANG_WARN_INT_CONVERSION = YES;
				CLANG_WARN_NON_LITERAL_NULL_CONVERSION = YES;
				CLANG_WARN_OBJC_IMPLICIT_RETAIN_SELF = YES;
				CLANG_WARN_OBJC_LITERAL_CONVERSION = YES;
				CLANG_WARN_OBJC_ROOT_CLASS = YES_ERROR;
				CLANG_WARN_QUOTED_INCLUDE_IN_FRAMEWORK_HEADER = YES;
				CLANG_WARN_RANGE_LOOP_ANALYSIS = YES;
				CLANG_WARN_STRICT_PROTOTYPES = YES;
				CLANG_WARN_SUSPICIOUS_MOVE = YES;
				CLANG_WARN_UNGUARDED_AVAILABILITY = YES_AGGRESSIVE;
				CLANG_WARN_UNREACHABLE_CODE = YES;
				CLANG_WARN__DUPLICATE_METHOD_MATCH = YES;
				COPY_PHASE_STRIP = NO;
				DEBUG_INFORMATION_FORMAT = dwarf;
				ENABLE_STRICT_OBJC_MSGSEND = YES;
				ENABLE_TESTABILITY = YES;
				GCC_C_LANGUAGE_STANDARD = gnu11;
				GCC_DYNAMIC_NO_PIC = NO;
				GCC_NO_COMMON_BLOCKS = YES;
				GCC_OPTIMIZATION_LEVEL = 0;
				GCC_PREPROCESSOR_DEFINITIONS = (
					"DEBUG=1",
					"$(inherited)",
				);
				GCC_WARN_64_TO_32_BIT_CONVERSION = YES;
				GCC_WARN_ABOUT_RETURN_TYPE = YES_ERROR;
				GCC_WARN_UNDECLARED_SELECTOR = YES;
				GCC_WARN_UNINITIALIZED_AUTOS = YES_AGGRESSIVE;
				GCC_WARN_UNUSED_FUNCTION = YES;
				GCC_WARN_UNUSED_VARIABLE = YES;
				IPHONEOS_DEPLOYMENT_TARGET = 15.0;
				MTL_ENABLE_DEBUG_INFO = INCLUDE_SOURCE;
				MTL_FAST_MATH = YES;
				ONLY_ACTIVE_ARCH = YES;
				SDKROOT = iphoneos;
				SWIFT_ACTIVE_COMPILATION_CONDITIONS = DEBUG;
				SWIFT_OPTIMIZATION_LEVEL = "-Onone";
			};
			name = Debug;
		};
		5C5B8A3F27DF9C960051462D /* Release */ = {
			isa = XCBuildConfiguration;
			buildSettings = {
				ALWAYS_SEARCH_USER_PATHS = NO;
				CLANG_ANALYZER_NONNULL = YES;
				CLANG_ANALYZER_NUMBER_OBJECT_CONVERSION = YES_AGGRESSIVE;
				CLANG_CXX_LANGUAGE_STANDARD = "gnu++17";
				CLANG_CXX_LIBRARY = "libc++";
				CLANG_ENABLE_MODULES = YES;
				CLANG_ENABLE_OBJC_ARC = YES;
				CLANG_ENABLE_OBJC_WEAK = YES;
				CLANG_WARN_BLOCK_CAPTURE_AUTORELEASING = YES;
				CLANG_WARN_BOOL_CONVERSION = YES;
				CLANG_WARN_COMMA = YES;
				CLANG_WARN_CONSTANT_CONVERSION = YES;
				CLANG_WARN_DEPRECATED_OBJC_IMPLEMENTATIONS = YES;
				CLANG_WARN_DIRECT_OBJC_ISA_USAGE = YES_ERROR;
				CLANG_WARN_DOCUMENTATION_COMMENTS = YES;
				CLANG_WARN_EMPTY_BODY = YES;
				CLANG_WARN_ENUM_CONVERSION = YES;
				CLANG_WARN_INFINITE_RECURSION = YES;
				CLANG_WARN_INT_CONVERSION = YES;
				CLANG_WARN_NON_LITERAL_NULL_CONVERSION = YES;
				CLANG_WARN_OBJC_IMPLICIT_RETAIN_SELF = YES;
				CLANG_WARN_OBJC_LITERAL_CONVERSION = YES;
				CLANG_WARN_OBJC_ROOT_CLASS = YES_ERROR;
				CLANG_WARN_QUOTED_INCLUDE_IN_FRAMEWORK_HEADER = YES;
				CLANG_WARN_RANGE_LOOP_ANALYSIS = YES;
				CLANG_WARN_STRICT_PROTOTYPES = YES;
				CLANG_WARN_SUSPICIOUS_MOVE = YES;
				CLANG_WARN_UNGUARDED_AVAILABILITY = YES_AGGRESSIVE;
				CLANG_WARN_UNREACHABLE_CODE = YES;
				CLANG_WARN__DUPLICATE_METHOD_MATCH = YES;
				COPY_PHASE_STRIP = NO;
				DEBUG_INFORMATION_FORMAT = "dwarf-with-dsym";
				ENABLE_NS_ASSERTIONS = NO;
				ENABLE_STRICT_OBJC_MSGSEND = YES;
				GCC_C_LANGUAGE_STANDARD = gnu11;
				GCC_NO_COMMON_BLOCKS = YES;
				GCC_WARN_64_TO_32_BIT_CONVERSION = YES;
				GCC_WARN_ABOUT_RETURN_TYPE = YES_ERROR;
				GCC_WARN_UNDECLARED_SELECTOR = YES;
				GCC_WARN_UNINITIALIZED_AUTOS = YES_AGGRESSIVE;
				GCC_WARN_UNUSED_FUNCTION = YES;
				GCC_WARN_UNUSED_VARIABLE = YES;
				IPHONEOS_DEPLOYMENT_TARGET = 15.0;
				MTL_ENABLE_DEBUG_INFO = NO;
				MTL_FAST_MATH = YES;
				SDKROOT = iphoneos;
				SWIFT_COMPILATION_MODE = wholemodule;
				SWIFT_OPTIMIZATION_LEVEL = "-O";
				VALIDATE_PRODUCT = YES;
			};
			name = Release;
		};
		5C5B8A4127DF9C960051462D /* Debug */ = {
			isa = XCBuildConfiguration;
			baseConfigurationReference = 6BA80F02FEE55B4435A8330C /* Pods-Shopify.debug.xcconfig */;
			buildSettings = {
				ASSETCATALOG_COMPILER_APPICON_NAME = AppIcon;
				ASSETCATALOG_COMPILER_GLOBAL_ACCENT_COLOR_NAME = AccentColor;
				CODE_SIGN_STYLE = Automatic;
				CURRENT_PROJECT_VERSION = 1;
				DEVELOPMENT_TEAM = D9ACXVN2BM;
				GENERATE_INFOPLIST_FILE = YES;
				INFOPLIST_FILE = Shopify/Utilities/Info.plist;
				INFOPLIST_KEY_UIApplicationSupportsIndirectInputEvents = YES;
				INFOPLIST_KEY_UILaunchStoryboardName = LaunchScreen;
				INFOPLIST_KEY_UIMainStoryboardFile = Main;
				INFOPLIST_KEY_UISupportedInterfaceOrientations_iPad = "UIInterfaceOrientationPortrait UIInterfaceOrientationPortraitUpsideDown UIInterfaceOrientationLandscapeLeft UIInterfaceOrientationLandscapeRight";
				INFOPLIST_KEY_UISupportedInterfaceOrientations_iPhone = "UIInterfaceOrientationPortrait UIInterfaceOrientationLandscapeLeft UIInterfaceOrientationLandscapeRight";
				IPHONEOS_DEPLOYMENT_TARGET = 15.0;
				LD_RUNPATH_SEARCH_PATHS = (
					"$(inherited)",
					"@executable_path/Frameworks",
				);
				MARKETING_VERSION = 1.0;
				PRODUCT_BUNDLE_IDENTIFIER = "Hassan-Ali.Shopify";
				PRODUCT_NAME = "$(TARGET_NAME)";
				SWIFT_EMIT_LOC_STRINGS = YES;
				SWIFT_VERSION = 5.0;
				TARGETED_DEVICE_FAMILY = "1,2";
			};
			name = Debug;
		};
		5C5B8A4227DF9C960051462D /* Release */ = {
			isa = XCBuildConfiguration;
			baseConfigurationReference = 7F7A21BFF49091D35DA5B279 /* Pods-Shopify.release.xcconfig */;
			buildSettings = {
				ASSETCATALOG_COMPILER_APPICON_NAME = AppIcon;
				ASSETCATALOG_COMPILER_GLOBAL_ACCENT_COLOR_NAME = AccentColor;
				CODE_SIGN_STYLE = Automatic;
				CURRENT_PROJECT_VERSION = 1;
				DEVELOPMENT_TEAM = D9ACXVN2BM;
				GENERATE_INFOPLIST_FILE = YES;
				INFOPLIST_FILE = Shopify/Utilities/Info.plist;
				INFOPLIST_KEY_UIApplicationSupportsIndirectInputEvents = YES;
				INFOPLIST_KEY_UILaunchStoryboardName = LaunchScreen;
				INFOPLIST_KEY_UIMainStoryboardFile = Main;
				INFOPLIST_KEY_UISupportedInterfaceOrientations_iPad = "UIInterfaceOrientationPortrait UIInterfaceOrientationPortraitUpsideDown UIInterfaceOrientationLandscapeLeft UIInterfaceOrientationLandscapeRight";
				INFOPLIST_KEY_UISupportedInterfaceOrientations_iPhone = "UIInterfaceOrientationPortrait UIInterfaceOrientationLandscapeLeft UIInterfaceOrientationLandscapeRight";
				IPHONEOS_DEPLOYMENT_TARGET = 15.0;
				LD_RUNPATH_SEARCH_PATHS = (
					"$(inherited)",
					"@executable_path/Frameworks",
				);
				MARKETING_VERSION = 1.0;
				PRODUCT_BUNDLE_IDENTIFIER = "Hassan-Ali.Shopify";
				PRODUCT_NAME = "$(TARGET_NAME)";
				SWIFT_EMIT_LOC_STRINGS = YES;
				SWIFT_VERSION = 5.0;
				TARGETED_DEVICE_FAMILY = "1,2";
			};
			name = Release;
		};
		5C5B8A4427DF9C960051462D /* Debug */ = {
			isa = XCBuildConfiguration;
			buildSettings = {
				ALWAYS_EMBED_SWIFT_STANDARD_LIBRARIES = YES;
				BUNDLE_LOADER = "$(TEST_HOST)";
				CODE_SIGN_STYLE = Automatic;
				CURRENT_PROJECT_VERSION = 1;
				GENERATE_INFOPLIST_FILE = YES;
				IPHONEOS_DEPLOYMENT_TARGET = 15.0;
				LD_RUNPATH_SEARCH_PATHS = (
					"$(inherited)",
					"@executable_path/Frameworks",
					"@loader_path/Frameworks",
				);
				MARKETING_VERSION = 1.0;
				PRODUCT_BUNDLE_IDENTIFIER = "Hassan-Ali.ShopifyTests";
				PRODUCT_NAME = "$(TARGET_NAME)";
				SWIFT_EMIT_LOC_STRINGS = NO;
				SWIFT_VERSION = 5.0;
				TARGETED_DEVICE_FAMILY = "1,2";
				TEST_HOST = "$(BUILT_PRODUCTS_DIR)/Shopify.app/Shopify";
			};
			name = Debug;
		};
		5C5B8A4527DF9C960051462D /* Release */ = {
			isa = XCBuildConfiguration;
			buildSettings = {
				ALWAYS_EMBED_SWIFT_STANDARD_LIBRARIES = YES;
				BUNDLE_LOADER = "$(TEST_HOST)";
				CODE_SIGN_STYLE = Automatic;
				CURRENT_PROJECT_VERSION = 1;
				GENERATE_INFOPLIST_FILE = YES;
				IPHONEOS_DEPLOYMENT_TARGET = 15.0;
				LD_RUNPATH_SEARCH_PATHS = (
					"$(inherited)",
					"@executable_path/Frameworks",
					"@loader_path/Frameworks",
				);
				MARKETING_VERSION = 1.0;
				PRODUCT_BUNDLE_IDENTIFIER = "Hassan-Ali.ShopifyTests";
				PRODUCT_NAME = "$(TARGET_NAME)";
				SWIFT_EMIT_LOC_STRINGS = NO;
				SWIFT_VERSION = 5.0;
				TARGETED_DEVICE_FAMILY = "1,2";
				TEST_HOST = "$(BUILT_PRODUCTS_DIR)/Shopify.app/Shopify";
			};
			name = Release;
		};
		5C5B8A4727DF9C960051462D /* Debug */ = {
			isa = XCBuildConfiguration;
			buildSettings = {
				ALWAYS_EMBED_SWIFT_STANDARD_LIBRARIES = YES;
				CODE_SIGN_STYLE = Automatic;
				CURRENT_PROJECT_VERSION = 1;
				GENERATE_INFOPLIST_FILE = YES;
				LD_RUNPATH_SEARCH_PATHS = (
					"$(inherited)",
					"@executable_path/Frameworks",
					"@loader_path/Frameworks",
				);
				MARKETING_VERSION = 1.0;
				PRODUCT_BUNDLE_IDENTIFIER = "Hassan-Ali.ShopifyUITests";
				PRODUCT_NAME = "$(TARGET_NAME)";
				SWIFT_EMIT_LOC_STRINGS = NO;
				SWIFT_VERSION = 5.0;
				TARGETED_DEVICE_FAMILY = "1,2";
				TEST_TARGET_NAME = Shopify;
			};
			name = Debug;
		};
		5C5B8A4827DF9C960051462D /* Release */ = {
			isa = XCBuildConfiguration;
			buildSettings = {
				ALWAYS_EMBED_SWIFT_STANDARD_LIBRARIES = YES;
				CODE_SIGN_STYLE = Automatic;
				CURRENT_PROJECT_VERSION = 1;
				GENERATE_INFOPLIST_FILE = YES;
				LD_RUNPATH_SEARCH_PATHS = (
					"$(inherited)",
					"@executable_path/Frameworks",
					"@loader_path/Frameworks",
				);
				MARKETING_VERSION = 1.0;
				PRODUCT_BUNDLE_IDENTIFIER = "Hassan-Ali.ShopifyUITests";
				PRODUCT_NAME = "$(TARGET_NAME)";
				SWIFT_EMIT_LOC_STRINGS = NO;
				SWIFT_VERSION = 5.0;
				TARGETED_DEVICE_FAMILY = "1,2";
				TEST_TARGET_NAME = Shopify;
			};
			name = Release;
		};
/* End XCBuildConfiguration section */

/* Begin XCConfigurationList section */
		5C5B8A0E27DF9C940051462D /* Build configuration list for PBXProject "Shopify" */ = {
			isa = XCConfigurationList;
			buildConfigurations = (
				5C5B8A3E27DF9C960051462D /* Debug */,
				5C5B8A3F27DF9C960051462D /* Release */,
			);
			defaultConfigurationIsVisible = 0;
			defaultConfigurationName = Release;
		};
		5C5B8A4027DF9C960051462D /* Build configuration list for PBXNativeTarget "Shopify" */ = {
			isa = XCConfigurationList;
			buildConfigurations = (
				5C5B8A4127DF9C960051462D /* Debug */,
				5C5B8A4227DF9C960051462D /* Release */,
			);
			defaultConfigurationIsVisible = 0;
			defaultConfigurationName = Release;
		};
		5C5B8A4327DF9C960051462D /* Build configuration list for PBXNativeTarget "ShopifyTests" */ = {
			isa = XCConfigurationList;
			buildConfigurations = (
				5C5B8A4427DF9C960051462D /* Debug */,
				5C5B8A4527DF9C960051462D /* Release */,
			);
			defaultConfigurationIsVisible = 0;
			defaultConfigurationName = Release;
		};
		5C5B8A4627DF9C960051462D /* Build configuration list for PBXNativeTarget "ShopifyUITests" */ = {
			isa = XCConfigurationList;
			buildConfigurations = (
				5C5B8A4727DF9C960051462D /* Debug */,
				5C5B8A4827DF9C960051462D /* Release */,
			);
			defaultConfigurationIsVisible = 0;
			defaultConfigurationName = Release;
		};
/* End XCConfigurationList section */

/* Begin XCVersionGroup section */
		5C5B8A1F27DF9C940051462D /* Shopify.xcdatamodeld */ = {
			isa = XCVersionGroup;
			children = (
				5C5B8A2027DF9C940051462D /* Shopify.xcdatamodel */,
			);
			currentVersion = 5C5B8A2027DF9C940051462D /* Shopify.xcdatamodel */;
			path = Shopify.xcdatamodeld;
			sourceTree = "<group>";
			versionGroupType = wrapper.xcdatamodel;
		};
/* End XCVersionGroup section */
	};
	rootObject = 5C5B8A0B27DF9C940051462D /* Project object */;
}
